// !$*UTF8*$!
{
	archiveVersion = 1;
	classes = {
	};
	objectVersion = 46;
	objects = {

/* Begin PBXBuildFile section */
		DB005EE01E333967003709FA /* TagLayer.swift in Sources */ = {isa = PBXBuildFile; fileRef = DB005EDF1E333967003709FA /* TagLayer.swift */; };
		DB073E1B1E9B1EDB000E27DD /* Match.swift in Sources */ = {isa = PBXBuildFile; fileRef = DB073E1A1E9B1EDB000E27DD /* Match.swift */; };
		DB073E3F1E9B1FA9000E27DD /* User.swift in Sources */ = {isa = PBXBuildFile; fileRef = DB073E3E1E9B1FA9000E27DD /* User.swift */; };
		DB073E411E9B21C2000E27DD /* Matchlist.swift in Sources */ = {isa = PBXBuildFile; fileRef = DB073E401E9B21C2000E27DD /* Matchlist.swift */; };
		DB0D2EFD1E00D24100F45386 /* MineViewController.swift in Sources */ = {isa = PBXBuildFile; fileRef = DB0D2EFC1E00D24100F45386 /* MineViewController.swift */; };
		DB0D2EFF1E00D25800F45386 /* MatchViewController.swift in Sources */ = {isa = PBXBuildFile; fileRef = DB0D2EFE1E00D25800F45386 /* MatchViewController.swift */; };
		DB0D2F011E00D27300F45386 /* ClientViewController.swift in Sources */ = {isa = PBXBuildFile; fileRef = DB0D2F001E00D27300F45386 /* ClientViewController.swift */; };
		DB0DC2241E7FC8E00016CDBB /* UMSocialSDK in Resources */ = {isa = PBXBuildFile; fileRef = DB0DC2211E7FC8E00016CDBB /* UMSocialSDK */; };
		DB0DC2251E7FC8E00016CDBB /* UMSocialUI in Resources */ = {isa = PBXBuildFile; fileRef = DB0DC2221E7FC8E00016CDBB /* UMSocialUI */; };
		DB0DC2261E7FC8E00016CDBB /* SocialLibraries in Resources */ = {isa = PBXBuildFile; fileRef = DB0DC2231E7FC8E00016CDBB /* SocialLibraries */; };
		DB0DC2281E7FCA3A0016CDBB /* libsqlite3.tbd in Frameworks */ = {isa = PBXBuildFile; fileRef = DB0DC2271E7FCA3A0016CDBB /* libsqlite3.tbd */; };
		DB0DC22A1E7FCA450016CDBB /* CoreGraphics.framework in Frameworks */ = {isa = PBXBuildFile; fileRef = DB0DC2291E7FCA450016CDBB /* CoreGraphics.framework */; };
		DB0E988D1E0BD20800443696 /* Charts.framework in Frameworks */ = {isa = PBXBuildFile; fileRef = DB0E98881E0BD1FA00443696 /* Charts.framework */; };
		DB0E988E1E0BD20800443696 /* Charts.framework in Embed Frameworks */ = {isa = PBXBuildFile; fileRef = DB0E98881E0BD1FA00443696 /* Charts.framework */; settings = {ATTRIBUTES = (CodeSignOnCopy, RemoveHeadersOnCopy, ); }; };
		DB0E98921E0CB38000443696 /* SettingViewController.swift in Sources */ = {isa = PBXBuildFile; fileRef = DB0E98911E0CB38000443696 /* SettingViewController.swift */; };
		DB0E98941E0E5F4500443696 /* HelpAndBackViewController.swift in Sources */ = {isa = PBXBuildFile; fileRef = DB0E98931E0E5F4500443696 /* HelpAndBackViewController.swift */; };
		DB0E98961E0E657F00443696 /* PersonalInfoViewController.swift in Sources */ = {isa = PBXBuildFile; fileRef = DB0E98951E0E657F00443696 /* PersonalInfoViewController.swift */; };
		DB0E98981E0E677F00443696 /* UpdatePwdViewController.swift in Sources */ = {isa = PBXBuildFile; fileRef = DB0E98971E0E677F00443696 /* UpdatePwdViewController.swift */; };
		DB0E989A1E10A1CE00443696 /* ClientTableViewCell.swift in Sources */ = {isa = PBXBuildFile; fileRef = DB0E98991E10A1CE00443696 /* ClientTableViewCell.swift */; };
		DB0E989C1E10B04800443696 /* ClientDetailViewController.swift in Sources */ = {isa = PBXBuildFile; fileRef = DB0E989B1E10B04800443696 /* ClientDetailViewController.swift */; };
		DB0E989E1E10C92000443696 /* ConsumeListViewController.swift in Sources */ = {isa = PBXBuildFile; fileRef = DB0E989D1E10C92000443696 /* ConsumeListViewController.swift */; };
		DB0E98A01E10C9C700443696 /* FeedbackListViewController.swift in Sources */ = {isa = PBXBuildFile; fileRef = DB0E989F1E10C9C700443696 /* FeedbackListViewController.swift */; };
		DB0E98A21E10E97400443696 /* ConsumerListCell.swift in Sources */ = {isa = PBXBuildFile; fileRef = DB0E98A11E10E97400443696 /* ConsumerListCell.swift */; };
		DB0E98A41E10E9A300443696 /* FeedbackListCell.swift in Sources */ = {isa = PBXBuildFile; fileRef = DB0E98A31E10E9A300443696 /* FeedbackListCell.swift */; };
		DB0E98A61E110F9C00443696 /* FeedbackDetailViewController.swift in Sources */ = {isa = PBXBuildFile; fileRef = DB0E98A51E110F9C00443696 /* FeedbackDetailViewController.swift */; };
		DB124E1B1E8F3F44009180DD /* AlamofireObjectMapper.framework in Frameworks */ = {isa = PBXBuildFile; fileRef = DB124E011E839664009180DD /* AlamofireObjectMapper.framework */; };
		DB124E1C1E8F3F50009180DD /* AlamofireObjectMapper.framework in Frameworks */ = {isa = PBXBuildFile; fileRef = DB124E011E839664009180DD /* AlamofireObjectMapper.framework */; };
		DB124E1D1E8F3F50009180DD /* AlamofireObjectMapper.framework in Embed Frameworks */ = {isa = PBXBuildFile; fileRef = DB124E011E839664009180DD /* AlamofireObjectMapper.framework */; settings = {ATTRIBUTES = (CodeSignOnCopy, RemoveHeadersOnCopy, ); }; };
		DB124E391E8F41B3009180DD /* ObjectMapper.framework in Frameworks */ = {isa = PBXBuildFile; fileRef = DB124E2B1E8F40D8009180DD /* ObjectMapper.framework */; };
		DB124E3A1E8F41B3009180DD /* ObjectMapper.framework in Embed Frameworks */ = {isa = PBXBuildFile; fileRef = DB124E2B1E8F40D8009180DD /* ObjectMapper.framework */; settings = {ATTRIBUTES = (CodeSignOnCopy, RemoveHeadersOnCopy, ); }; };
		DB124E431E94C7FA009180DD /* GarmentDataResultModel.swift in Sources */ = {isa = PBXBuildFile; fileRef = DB124E421E94C7FA009180DD /* GarmentDataResultModel.swift */; };
		DB4EE5921DFF841800BBCE4F /* AppDelegate.swift in Sources */ = {isa = PBXBuildFile; fileRef = DB4EE5911DFF841800BBCE4F /* AppDelegate.swift */; };
		DB4EE5941DFF841800BBCE4F /* ViewController.swift in Sources */ = {isa = PBXBuildFile; fileRef = DB4EE5931DFF841800BBCE4F /* ViewController.swift */; };
		DB4EE5971DFF841800BBCE4F /* Main.storyboard in Resources */ = {isa = PBXBuildFile; fileRef = DB4EE5951DFF841800BBCE4F /* Main.storyboard */; };
		DB4EE5991DFF841800BBCE4F /* Assets.xcassets in Resources */ = {isa = PBXBuildFile; fileRef = DB4EE5981DFF841800BBCE4F /* Assets.xcassets */; };
		DB4EE59C1DFF841800BBCE4F /* LaunchScreen.storyboard in Resources */ = {isa = PBXBuildFile; fileRef = DB4EE59A1DFF841800BBCE4F /* LaunchScreen.storyboard */; };
		DB4EE5A71DFF841800BBCE4F /* sdxdgTests.swift in Sources */ = {isa = PBXBuildFile; fileRef = DB4EE5A61DFF841800BBCE4F /* sdxdgTests.swift */; };
		DB4EE5B21DFF841800BBCE4F /* sdxdgUITests.swift in Sources */ = {isa = PBXBuildFile; fileRef = DB4EE5B11DFF841800BBCE4F /* sdxdgUITests.swift */; };
		DB4EE5C11DFFDBBE00BBCE4F /* LoginViewController.swift in Sources */ = {isa = PBXBuildFile; fileRef = DB4EE5C01DFFDBBE00BBCE4F /* LoginViewController.swift */; };
		DB4EE5C31DFFDCEF00BBCE4F /* LaunchViewController.swift in Sources */ = {isa = PBXBuildFile; fileRef = DB4EE5C21DFFDCEF00BBCE4F /* LaunchViewController.swift */; };
		DB4EE5C51DFFF21200BBCE4F /* HomeTabBarViewController.swift in Sources */ = {isa = PBXBuildFile; fileRef = DB4EE5C41DFFF21200BBCE4F /* HomeTabBarViewController.swift */; };
		DB818A371E15EE6B00E09977 /* GarmentModel.swift in Sources */ = {isa = PBXBuildFile; fileRef = DB818A361E15EE6B00E09977 /* GarmentModel.swift */; };
		DB818A391E16586900E09977 /* ShareViewController.swift in Sources */ = {isa = PBXBuildFile; fileRef = DB818A381E16586900E09977 /* ShareViewController.swift */; };
		DB818A3B1E1B997B00E09977 /* MyMatchViewController.swift in Sources */ = {isa = PBXBuildFile; fileRef = DB818A3A1E1B997A00E09977 /* MyMatchViewController.swift */; };
		DB818A3D1E1C815500E09977 /* MyMatchTableViewCell.swift in Sources */ = {isa = PBXBuildFile; fileRef = DB818A3C1E1C815500E09977 /* MyMatchTableViewCell.swift */; };
		DB818A3F1E1CA55200E09977 /* HotMatchViewController.swift in Sources */ = {isa = PBXBuildFile; fileRef = DB818A3E1E1CA55100E09977 /* HotMatchViewController.swift */; };
		DB818A411E1CA6B200E09977 /* PushDetailControllerView.swift in Sources */ = {isa = PBXBuildFile; fileRef = DB818A401E1CA6B200E09977 /* PushDetailControllerView.swift */; };
		DB818A431E1CA74D00E09977 /* DraftDetailViewController.swift in Sources */ = {isa = PBXBuildFile; fileRef = DB818A421E1CA74D00E09977 /* DraftDetailViewController.swift */; };
		DB818A481E1CD6C600E09977 /* MBProgressHUD.m in Sources */ = {isa = PBXBuildFile; fileRef = DB818A471E1CD6C600E09977 /* MBProgressHUD.m */; };
		DB818A4A1E1CE42900E09977 /* MerchandiseDetailViewController.swift in Sources */ = {isa = PBXBuildFile; fileRef = DB818A491E1CE42900E09977 /* MerchandiseDetailViewController.swift */; };
		DB818AAE1E1CF1BA00E09977 /* sdxdp in Resources */ = {isa = PBXBuildFile; fileRef = DB818AAD1E1CF1BA00E09977 /* sdxdp */; };
		DBA3BB621E07711400551D54 /* CustomerListController.swift in Sources */ = {isa = PBXBuildFile; fileRef = DBA3BB611E07711400551D54 /* CustomerListController.swift */; };
		DBA3BB641E07AE9100551D54 /* CustomerTableViewCell.swift in Sources */ = {isa = PBXBuildFile; fileRef = DBA3BB631E07AE9100551D54 /* CustomerTableViewCell.swift */; };
		DBA3BB661E09016200551D54 /* MatchListViewController.swift in Sources */ = {isa = PBXBuildFile; fileRef = DBA3BB651E09016200551D54 /* MatchListViewController.swift */; };
		DBA3BB681E0906EB00551D54 /* MatchListCell.swift in Sources */ = {isa = PBXBuildFile; fileRef = DBA3BB671E0906EB00551D54 /* MatchListCell.swift */; };
		DBA3BB6A1E09653B00551D54 /* FilterViewController.swift in Sources */ = {isa = PBXBuildFile; fileRef = DBA3BB691E09653B00551D54 /* FilterViewController.swift */; };
		DBA3BC621E0A5A0800551D54 /* Alamofire.framework in Frameworks */ = {isa = PBXBuildFile; fileRef = DBA3BB771E0A1DF200551D54 /* Alamofire.framework */; };
		DBA3BC631E0A5A0800551D54 /* Alamofire.framework in Embed Frameworks */ = {isa = PBXBuildFile; fileRef = DBA3BB771E0A1DF200551D54 /* Alamofire.framework */; settings = {ATTRIBUTES = (CodeSignOnCopy, RemoveHeadersOnCopy, ); }; };
		DBA3BC661E0A5A0800551D54 /* SwiftyJSON.framework in Frameworks */ = {isa = PBXBuildFile; fileRef = DBA3BBEE1E0A1FBC00551D54 /* SwiftyJSON.framework */; };
		DBA3BC671E0A5A0800551D54 /* SwiftyJSON.framework in Embed Frameworks */ = {isa = PBXBuildFile; fileRef = DBA3BBEE1E0A1FBC00551D54 /* SwiftyJSON.framework */; settings = {ATTRIBUTES = (CodeSignOnCopy, RemoveHeadersOnCopy, ); }; };
		DBA533011E0A5CA8002D2CB4 /* AlamofireImage.framework in Frameworks */ = {isa = PBXBuildFile; fileRef = DBA532F41E0A5B5D002D2CB4 /* AlamofireImage.framework */; };
		DBA533021E0A5CA8002D2CB4 /* AlamofireImage.framework in Embed Frameworks */ = {isa = PBXBuildFile; fileRef = DBA532F41E0A5B5D002D2CB4 /* AlamofireImage.framework */; settings = {ATTRIBUTES = (CodeSignOnCopy, RemoveHeadersOnCopy, ); }; };
		DBAD84A81E274D570007D6D9 /* File.swift in Sources */ = {isa = PBXBuildFile; fileRef = DBAD84A71E274D570007D6D9 /* File.swift */; };
		DBCE0CB91E7FCDC600B8F193 /* UMSocialCore.framework in Frameworks */ = {isa = PBXBuildFile; fileRef = DBCE0CB81E7FCDC600B8F193 /* UMSocialCore.framework */; };
		DBCE0CD11E7FCDCB00B8F193 /* UMSocialNetwork.framework in Frameworks */ = {isa = PBXBuildFile; fileRef = DBCE0CD01E7FCDCB00B8F193 /* UMSocialNetwork.framework */; };
		DBCE0CD31E7FCDD300B8F193 /* UShareUI.framework in Frameworks */ = {isa = PBXBuildFile; fileRef = DBCE0CD21E7FCDD300B8F193 /* UShareUI.framework */; };
		DBCE0CD51E7FCE6100B8F193 /* libSocialWeChat.a in Frameworks */ = {isa = PBXBuildFile; fileRef = DBCE0CD41E7FCE6100B8F193 /* libSocialWeChat.a */; };
		DBDE5C431E231CC8002454F5 /* PassCustomerProtocol.swift in Sources */ = {isa = PBXBuildFile; fileRef = DBDE5C421E231CC8002454F5 /* PassCustomerProtocol.swift */; };
		DBDE5C451E2324FA002454F5 /* CustomerModel.swift in Sources */ = {isa = PBXBuildFile; fileRef = DBDE5C441E2324FA002454F5 /* CustomerModel.swift */; };
		DBDE5C471E24AD2B002454F5 /* HotMatchCell.swift in Sources */ = {isa = PBXBuildFile; fileRef = DBDE5C461E24AD2B002454F5 /* HotMatchCell.swift */; };
		DBDE5C4A1E25C13D002454F5 /* ModelView.swift in Sources */ = {isa = PBXBuildFile; fileRef = DBDE5C491E25C13D002454F5 /* ModelView.swift */; };
		DBEAB1171E7A216F000E99F4 /* MessageUtil.swift in Sources */ = {isa = PBXBuildFile; fileRef = DBEAB1161E7A216F000E99F4 /* MessageUtil.swift */; };
		DBEAB11C1E7A3A03000E99F4 /* ChineseString.m in Sources */ = {isa = PBXBuildFile; fileRef = DBEAB1191E7A3A03000E99F4 /* ChineseString.m */; };
		DBEAB11D1E7A3A03000E99F4 /* pinyin.m in Sources */ = {isa = PBXBuildFile; fileRef = DBEAB11B1E7A3A03000E99F4 /* pinyin.m */; };
		DBEAB11F1E7A7EF7000E99F4 /* ConstantsUtil.swift in Sources */ = {isa = PBXBuildFile; fileRef = DBEAB11E1E7A7EF7000E99F4 /* ConstantsUtil.swift */; };
		DBEAB1211E7A864C000E99F4 /* LocalDataStorageUtil.swift in Sources */ = {isa = PBXBuildFile; fileRef = DBEAB1201E7A864C000E99F4 /* LocalDataStorageUtil.swift */; };
		DBEEFDD31E1E33F700B25DA1 /* MyFeedbackDetailViewController.swift in Sources */ = {isa = PBXBuildFile; fileRef = DBEEFDD21E1E33F700B25DA1 /* MyFeedbackDetailViewController.swift */; };
/* End PBXBuildFile section */

/* Begin PBXContainerItemProxy section */
		DB0E98871E0BD1FA00443696 /* PBXContainerItemProxy */ = {
			isa = PBXContainerItemProxy;
			containerPortal = DB0E98811E0BD1F900443696 /* Charts.xcodeproj */;
			proxyType = 2;
			remoteGlobalIDString = 06165F241D8110E600722320;
			remoteInfo = Charts;
		};
		DB0E98891E0BD1FA00443696 /* PBXContainerItemProxy */ = {
			isa = PBXContainerItemProxy;
			containerPortal = DB0E98811E0BD1F900443696 /* Charts.xcodeproj */;
			proxyType = 2;
			remoteGlobalIDString = 06B120D51D811E6200D14B02;
			remoteInfo = ChartsRealm;
		};
		DB0E988B1E0BD1FA00443696 /* PBXContainerItemProxy */ = {
			isa = PBXContainerItemProxy;
			containerPortal = DB0E98811E0BD1F900443696 /* Charts.xcodeproj */;
			proxyType = 2;
			remoteGlobalIDString = 06165F2E1D8110E600722320;
			remoteInfo = ChartsTests;
		};
		DB0E988F1E0BD20800443696 /* PBXContainerItemProxy */ = {
			isa = PBXContainerItemProxy;
			containerPortal = DB0E98811E0BD1F900443696 /* Charts.xcodeproj */;
			proxyType = 1;
			remoteGlobalIDString = 06165F231D8110E600722320;
			remoteInfo = Charts;
		};
		DB124E001E839664009180DD /* PBXContainerItemProxy */ = {
			isa = PBXContainerItemProxy;
			containerPortal = DB124DE61E839664009180DD /* AlamofireObjectMapper.xcodeproj */;
			proxyType = 2;
			remoteGlobalIDString = 6AB2A0111AF26C36001EBB20;
			remoteInfo = "AlamofireObjectMapper iOS";
		};
		DB124E021E839664009180DD /* PBXContainerItemProxy */ = {
			isa = PBXContainerItemProxy;
			containerPortal = DB124DE61E839664009180DD /* AlamofireObjectMapper.xcodeproj */;
			proxyType = 2;
			remoteGlobalIDString = 6AB2A01C1AF26C36001EBB20;
			remoteInfo = "AlamofireObjectMapperTests iOS";
		};
		DB124E041E839664009180DD /* PBXContainerItemProxy */ = {
			isa = PBXContainerItemProxy;
			containerPortal = DB124DE61E839664009180DD /* AlamofireObjectMapper.xcodeproj */;
			proxyType = 2;
			remoteGlobalIDString = 6AB2A0851AF27DF1001EBB20;
			remoteInfo = "AlamofireObjectMapper OSX";
		};
		DB124E061E839664009180DD /* PBXContainerItemProxy */ = {
			isa = PBXContainerItemProxy;
			containerPortal = DB124DE61E839664009180DD /* AlamofireObjectMapper.xcodeproj */;
			proxyType = 2;
			remoteGlobalIDString = 6AB2A08F1AF27DF1001EBB20;
			remoteInfo = "AlamofireObjectMapperTests OSX";
		};
		DB124E081E839664009180DD /* PBXContainerItemProxy */ = {
			isa = PBXContainerItemProxy;
			containerPortal = DB124DE61E839664009180DD /* AlamofireObjectMapper.xcodeproj */;
			proxyType = 2;
			remoteGlobalIDString = 6AC692061BE3F69E004C119A;
			remoteInfo = "AlamofireObjectMapper tvOS";
		};
		DB124E0A1E839664009180DD /* PBXContainerItemProxy */ = {
			isa = PBXContainerItemProxy;
			containerPortal = DB124DE61E839664009180DD /* AlamofireObjectMapper.xcodeproj */;
			proxyType = 2;
			remoteGlobalIDString = 6AC692121BE3F7F5004C119A;
			remoteInfo = "AlamofireObjectMapperTests tvOS";
		};
		DB124E0C1E839664009180DD /* PBXContainerItemProxy */ = {
			isa = PBXContainerItemProxy;
			containerPortal = DB124DE61E839664009180DD /* AlamofireObjectMapper.xcodeproj */;
			proxyType = 2;
			remoteGlobalIDString = 6AC4580C1BA34C5600054758;
			remoteInfo = "AlamofireObjectMapper watchOS";
		};
		DB124E1E1E8F3F50009180DD /* PBXContainerItemProxy */ = {
			isa = PBXContainerItemProxy;
			containerPortal = DB124DE61E839664009180DD /* AlamofireObjectMapper.xcodeproj */;
			proxyType = 1;
			remoteGlobalIDString = 6AB2A0101AF26C36001EBB20;
			remoteInfo = "AlamofireObjectMapper iOS";
		};
		DB124E2A1E8F40D8009180DD /* PBXContainerItemProxy */ = {
			isa = PBXContainerItemProxy;
			containerPortal = DB124E201E8F40D8009180DD /* ObjectMapper.xcodeproj */;
			proxyType = 2;
			remoteGlobalIDString = 6AAC8F7619F03C2900E7A677;
			remoteInfo = "ObjectMapper-iOS";
		};
		DB124E2C1E8F40D8009180DD /* PBXContainerItemProxy */ = {
			isa = PBXContainerItemProxy;
			containerPortal = DB124E201E8F40D8009180DD /* ObjectMapper.xcodeproj */;
			proxyType = 2;
			remoteGlobalIDString = CD1602FF1AC023D5000CD69A;
			remoteInfo = "ObjectMapper-Mac";
		};
		DB124E2E1E8F40D8009180DD /* PBXContainerItemProxy */ = {
			isa = PBXContainerItemProxy;
			containerPortal = DB124E201E8F40D8009180DD /* ObjectMapper.xcodeproj */;
			proxyType = 2;
			remoteGlobalIDString = 6A2AD03D1B2C78540097E150;
			remoteInfo = "ObjectMapper-watchOS";
		};
		DB124E301E8F40D8009180DD /* PBXContainerItemProxy */ = {
			isa = PBXContainerItemProxy;
			containerPortal = DB124E201E8F40D8009180DD /* ObjectMapper.xcodeproj */;
			proxyType = 2;
			remoteGlobalIDString = 6A05B7A61BE274BE00F19B53;
			remoteInfo = "ObjectMapper-tvOS";
		};
		DB124E321E8F40D8009180DD /* PBXContainerItemProxy */ = {
			isa = PBXContainerItemProxy;
			containerPortal = DB124E201E8F40D8009180DD /* ObjectMapper.xcodeproj */;
			proxyType = 2;
			remoteGlobalIDString = 6AAC8F8119F03C2900E7A677;
			remoteInfo = "ObjectMapper-iOSTests";
		};
		DB124E341E8F40D8009180DD /* PBXContainerItemProxy */ = {
			isa = PBXContainerItemProxy;
			containerPortal = DB124E201E8F40D8009180DD /* ObjectMapper.xcodeproj */;
			proxyType = 2;
			remoteGlobalIDString = CD1603091AC023D6000CD69A;
			remoteInfo = "ObjectMapper-MacTests";
		};
		DB124E361E8F40D8009180DD /* PBXContainerItemProxy */ = {
			isa = PBXContainerItemProxy;
			containerPortal = DB124E201E8F40D8009180DD /* ObjectMapper.xcodeproj */;
			proxyType = 2;
			remoteGlobalIDString = 6A05B7AF1BE274BE00F19B53;
			remoteInfo = "ObjectMapper-tvOSTests";
		};
		DB124E3B1E8F41B3009180DD /* PBXContainerItemProxy */ = {
			isa = PBXContainerItemProxy;
			containerPortal = DB124E201E8F40D8009180DD /* ObjectMapper.xcodeproj */;
			proxyType = 1;
			remoteGlobalIDString = 6AAC8F7519F03C2900E7A677;
			remoteInfo = "ObjectMapper-iOS";
		};
		DB4EE5A31DFF841800BBCE4F /* PBXContainerItemProxy */ = {
			isa = PBXContainerItemProxy;
			containerPortal = DB4EE5861DFF841800BBCE4F /* Project object */;
			proxyType = 1;
			remoteGlobalIDString = DB4EE58D1DFF841800BBCE4F;
			remoteInfo = sdxdg;
		};
		DB4EE5AE1DFF841800BBCE4F /* PBXContainerItemProxy */ = {
			isa = PBXContainerItemProxy;
			containerPortal = DB4EE5861DFF841800BBCE4F /* Project object */;
			proxyType = 1;
			remoteGlobalIDString = DB4EE58D1DFF841800BBCE4F;
			remoteInfo = sdxdg;
		};
		DBA3BB761E0A1DF200551D54 /* PBXContainerItemProxy */ = {
			isa = PBXContainerItemProxy;
			containerPortal = DBA3BB6B1E0A1DF100551D54 /* Alamofire.xcodeproj */;
			proxyType = 2;
			remoteGlobalIDString = F8111E3319A95C8B0040E7D1;
			remoteInfo = "Alamofire iOS";
		};
		DBA3BB781E0A1DF200551D54 /* PBXContainerItemProxy */ = {
			isa = PBXContainerItemProxy;
			containerPortal = DBA3BB6B1E0A1DF100551D54 /* Alamofire.xcodeproj */;
			proxyType = 2;
			remoteGlobalIDString = F8111E3E19A95C8B0040E7D1;
			remoteInfo = "Alamofire iOS Tests";
		};
		DBA3BB7A1E0A1DF200551D54 /* PBXContainerItemProxy */ = {
			isa = PBXContainerItemProxy;
			containerPortal = DBA3BB6B1E0A1DF100551D54 /* Alamofire.xcodeproj */;
			proxyType = 2;
			remoteGlobalIDString = 4DD67C0B1A5C55C900ED2280;
			remoteInfo = "Alamofire macOS";
		};
		DBA3BB7C1E0A1DF200551D54 /* PBXContainerItemProxy */ = {
			isa = PBXContainerItemProxy;
			containerPortal = DBA3BB6B1E0A1DF100551D54 /* Alamofire.xcodeproj */;
			proxyType = 2;
			remoteGlobalIDString = F829C6B21A7A94F100A2CD59;
			remoteInfo = "Alamofire macOS Tests";
		};
		DBA3BB7E1E0A1DF200551D54 /* PBXContainerItemProxy */ = {
			isa = PBXContainerItemProxy;
			containerPortal = DBA3BB6B1E0A1DF100551D54 /* Alamofire.xcodeproj */;
			proxyType = 2;
			remoteGlobalIDString = 4CF626EF1BA7CB3E0011A099;
			remoteInfo = "Alamofire tvOS";
		};
		DBA3BB801E0A1DF200551D54 /* PBXContainerItemProxy */ = {
			isa = PBXContainerItemProxy;
			containerPortal = DBA3BB6B1E0A1DF100551D54 /* Alamofire.xcodeproj */;
			proxyType = 2;
			remoteGlobalIDString = 4CF626F81BA7CB3E0011A099;
			remoteInfo = "Alamofire tvOS Tests";
		};
		DBA3BB821E0A1DF200551D54 /* PBXContainerItemProxy */ = {
			isa = PBXContainerItemProxy;
			containerPortal = DBA3BB6B1E0A1DF100551D54 /* Alamofire.xcodeproj */;
			proxyType = 2;
			remoteGlobalIDString = E4202FE01B667AA100C997FB;
			remoteInfo = "Alamofire watchOS";
		};
		DBA3BBED1E0A1FBC00551D54 /* PBXContainerItemProxy */ = {
			isa = PBXContainerItemProxy;
			containerPortal = DBA3BBE31E0A1FBC00551D54 /* SwiftyJSON.xcodeproj */;
			proxyType = 2;
			remoteGlobalIDString = 2E4FEFDB19575BE100351305;
			remoteInfo = "SwiftyJSON iOS";
		};
		DBA3BBEF1E0A1FBC00551D54 /* PBXContainerItemProxy */ = {
			isa = PBXContainerItemProxy;
			containerPortal = DBA3BBE31E0A1FBC00551D54 /* SwiftyJSON.xcodeproj */;
			proxyType = 2;
			remoteGlobalIDString = 2E4FEFE619575BE100351305;
			remoteInfo = "SwiftyJSON iOS Tests";
		};
		DBA3BBF11E0A1FBC00551D54 /* PBXContainerItemProxy */ = {
			isa = PBXContainerItemProxy;
			containerPortal = DBA3BBE31E0A1FBC00551D54 /* SwiftyJSON.xcodeproj */;
			proxyType = 2;
			remoteGlobalIDString = 9C7DFC5B1A9102BD005AA3F7;
			remoteInfo = "SwiftyJSON OSX";
		};
		DBA3BBF31E0A1FBC00551D54 /* PBXContainerItemProxy */ = {
			isa = PBXContainerItemProxy;
			containerPortal = DBA3BBE31E0A1FBC00551D54 /* SwiftyJSON.xcodeproj */;
			proxyType = 2;
			remoteGlobalIDString = 9C7DFC651A9102BD005AA3F7;
			remoteInfo = "SwiftyJSON OSX Tests";
		};
		DBA3BBF51E0A1FBC00551D54 /* PBXContainerItemProxy */ = {
			isa = PBXContainerItemProxy;
			containerPortal = DBA3BBE31E0A1FBC00551D54 /* SwiftyJSON.xcodeproj */;
			proxyType = 2;
			remoteGlobalIDString = E4D7CCE81B9465A700EE7221;
			remoteInfo = "SwiftyJSON watchOS";
		};
		DBA3BBF71E0A1FBC00551D54 /* PBXContainerItemProxy */ = {
			isa = PBXContainerItemProxy;
			containerPortal = DBA3BBE31E0A1FBC00551D54 /* SwiftyJSON.xcodeproj */;
			proxyType = 2;
			remoteGlobalIDString = 7236B4F61BAC14150020529B;
			remoteInfo = "SwiftyJSON tvOS";
		};
		DBA3BBF91E0A1FBC00551D54 /* PBXContainerItemProxy */ = {
			isa = PBXContainerItemProxy;
			containerPortal = DBA3BBE31E0A1FBC00551D54 /* SwiftyJSON.xcodeproj */;
			proxyType = 2;
			remoteGlobalIDString = A8580F741BCF5C5B00DA927B;
			remoteInfo = "SwiftyJSON tvOS Tests";
		};
		DBA3BC641E0A5A0800551D54 /* PBXContainerItemProxy */ = {
			isa = PBXContainerItemProxy;
			containerPortal = DBA3BB6B1E0A1DF100551D54 /* Alamofire.xcodeproj */;
			proxyType = 1;
			remoteGlobalIDString = F8111E3219A95C8B0040E7D1;
			remoteInfo = "Alamofire iOS";
		};
		DBA3BC681E0A5A0800551D54 /* PBXContainerItemProxy */ = {
			isa = PBXContainerItemProxy;
			containerPortal = DBA3BBE31E0A1FBC00551D54 /* SwiftyJSON.xcodeproj */;
			proxyType = 1;
			remoteGlobalIDString = 2E4FEFDA19575BE100351305;
			remoteInfo = "SwiftyJSON iOS";
		};
		DBA532F31E0A5B5D002D2CB4 /* PBXContainerItemProxy */ = {
			isa = PBXContainerItemProxy;
			containerPortal = DBA532E81E0A5B5D002D2CB4 /* AlamofireImage.xcodeproj */;
			proxyType = 2;
			remoteGlobalIDString = 4C9043771AABBFC5001B4E60;
			remoteInfo = "AlamofireImage iOS";
		};
		DBA532F51E0A5B5D002D2CB4 /* PBXContainerItemProxy */ = {
			isa = PBXContainerItemProxy;
			containerPortal = DBA532E81E0A5B5D002D2CB4 /* AlamofireImage.xcodeproj */;
			proxyType = 2;
			remoteGlobalIDString = 4C9043821AABBFC5001B4E60;
			remoteInfo = "AlamofireImage iOS Tests";
		};
		DBA532F71E0A5B5D002D2CB4 /* PBXContainerItemProxy */ = {
			isa = PBXContainerItemProxy;
			containerPortal = DBA532E81E0A5B5D002D2CB4 /* AlamofireImage.xcodeproj */;
			proxyType = 2;
			remoteGlobalIDString = 4CE611321AABC24E00D35044;
			remoteInfo = "AlamofireImage macOS";
		};
		DBA532F91E0A5B5D002D2CB4 /* PBXContainerItemProxy */ = {
			isa = PBXContainerItemProxy;
			containerPortal = DBA532E81E0A5B5D002D2CB4 /* AlamofireImage.xcodeproj */;
			proxyType = 2;
			remoteGlobalIDString = 4CE611471AABC5C900D35044;
			remoteInfo = "AlamofireImage macOS Tests";
		};
		DBA532FB1E0A5B5D002D2CB4 /* PBXContainerItemProxy */ = {
			isa = PBXContainerItemProxy;
			containerPortal = DBA532E81E0A5B5D002D2CB4 /* AlamofireImage.xcodeproj */;
			proxyType = 2;
			remoteGlobalIDString = 4C16B37D1BA9399500A66EF0;
			remoteInfo = "AlamofireImage tvOS";
		};
		DBA532FD1E0A5B5D002D2CB4 /* PBXContainerItemProxy */ = {
			isa = PBXContainerItemProxy;
			containerPortal = DBA532E81E0A5B5D002D2CB4 /* AlamofireImage.xcodeproj */;
			proxyType = 2;
			remoteGlobalIDString = 4C16B3861BA9399500A66EF0;
			remoteInfo = "AlamofireImage tvOS Tests";
		};
		DBA532FF1E0A5B5D002D2CB4 /* PBXContainerItemProxy */ = {
			isa = PBXContainerItemProxy;
			containerPortal = DBA532E81E0A5B5D002D2CB4 /* AlamofireImage.xcodeproj */;
			proxyType = 2;
			remoteGlobalIDString = 4C4D4EC11B92976900C96855;
			remoteInfo = "AlamofireImage watchOS";
		};
		DBA533031E0A5CA8002D2CB4 /* PBXContainerItemProxy */ = {
			isa = PBXContainerItemProxy;
			containerPortal = DBA532E81E0A5B5D002D2CB4 /* AlamofireImage.xcodeproj */;
			proxyType = 1;
			remoteGlobalIDString = 4C9043761AABBFC5001B4E60;
			remoteInfo = "AlamofireImage iOS";
		};
/* End PBXContainerItemProxy section */

/* Begin PBXCopyFilesBuildPhase section */
		DBA3BC6E1E0A5A0900551D54 /* Embed Frameworks */ = {
			isa = PBXCopyFilesBuildPhase;
			buildActionMask = 2147483647;
			dstPath = "";
			dstSubfolderSpec = 10;
			files = (
				DB124E3A1E8F41B3009180DD /* ObjectMapper.framework in Embed Frameworks */,
				DBA3BC671E0A5A0800551D54 /* SwiftyJSON.framework in Embed Frameworks */,
				DB0E988E1E0BD20800443696 /* Charts.framework in Embed Frameworks */,
				DBA533021E0A5CA8002D2CB4 /* AlamofireImage.framework in Embed Frameworks */,
				DB124E1D1E8F3F50009180DD /* AlamofireObjectMapper.framework in Embed Frameworks */,
				DBA3BC631E0A5A0800551D54 /* Alamofire.framework in Embed Frameworks */,
			);
			name = "Embed Frameworks";
			runOnlyForDeploymentPostprocessing = 0;
		};
/* End PBXCopyFilesBuildPhase section */

/* Begin PBXFileReference section */
		DB005EDF1E333967003709FA /* TagLayer.swift */ = {isa = PBXFileReference; fileEncoding = 4; lastKnownFileType = sourcecode.swift; path = TagLayer.swift; sourceTree = "<group>"; };
		DB073E1A1E9B1EDB000E27DD /* Match.swift */ = {isa = PBXFileReference; fileEncoding = 4; lastKnownFileType = sourcecode.swift; path = Match.swift; sourceTree = "<group>"; };
		DB073E3E1E9B1FA9000E27DD /* User.swift */ = {isa = PBXFileReference; fileEncoding = 4; lastKnownFileType = sourcecode.swift; path = User.swift; sourceTree = "<group>"; };
		DB073E401E9B21C2000E27DD /* Matchlist.swift */ = {isa = PBXFileReference; fileEncoding = 4; lastKnownFileType = sourcecode.swift; path = Matchlist.swift; sourceTree = "<group>"; };
		DB0D2EFC1E00D24100F45386 /* MineViewController.swift */ = {isa = PBXFileReference; fileEncoding = 4; lastKnownFileType = sourcecode.swift; path = MineViewController.swift; sourceTree = "<group>"; };
		DB0D2EFE1E00D25800F45386 /* MatchViewController.swift */ = {isa = PBXFileReference; fileEncoding = 4; lastKnownFileType = sourcecode.swift; path = MatchViewController.swift; sourceTree = "<group>"; };
		DB0D2F001E00D27300F45386 /* ClientViewController.swift */ = {isa = PBXFileReference; fileEncoding = 4; lastKnownFileType = sourcecode.swift; path = ClientViewController.swift; sourceTree = "<group>"; };
		DB0DC2211E7FC8E00016CDBB /* UMSocialSDK */ = {isa = PBXFileReference; lastKnownFileType = folder; path = UMSocialSDK; sourceTree = "<group>"; };
		DB0DC2221E7FC8E00016CDBB /* UMSocialUI */ = {isa = PBXFileReference; lastKnownFileType = folder; path = UMSocialUI; sourceTree = "<group>"; };
		DB0DC2231E7FC8E00016CDBB /* SocialLibraries */ = {isa = PBXFileReference; lastKnownFileType = folder; path = SocialLibraries; sourceTree = "<group>"; };
		DB0DC2271E7FCA3A0016CDBB /* libsqlite3.tbd */ = {isa = PBXFileReference; lastKnownFileType = "sourcecode.text-based-dylib-definition"; name = libsqlite3.tbd; path = usr/lib/libsqlite3.tbd; sourceTree = SDKROOT; };
		DB0DC2291E7FCA450016CDBB /* CoreGraphics.framework */ = {isa = PBXFileReference; lastKnownFileType = wrapper.framework; name = CoreGraphics.framework; path = System/Library/Frameworks/CoreGraphics.framework; sourceTree = SDKROOT; };
		DB0E98811E0BD1F900443696 /* Charts.xcodeproj */ = {isa = PBXFileReference; lastKnownFileType = "wrapper.pb-project"; name = Charts.xcodeproj; path = ../../../OpenSource/Charts/Charts.xcodeproj; sourceTree = "<group>"; };
		DB0E98911E0CB38000443696 /* SettingViewController.swift */ = {isa = PBXFileReference; fileEncoding = 4; lastKnownFileType = sourcecode.swift; path = SettingViewController.swift; sourceTree = "<group>"; };
		DB0E98931E0E5F4500443696 /* HelpAndBackViewController.swift */ = {isa = PBXFileReference; fileEncoding = 4; lastKnownFileType = sourcecode.swift; path = HelpAndBackViewController.swift; sourceTree = "<group>"; };
		DB0E98951E0E657F00443696 /* PersonalInfoViewController.swift */ = {isa = PBXFileReference; fileEncoding = 4; lastKnownFileType = sourcecode.swift; path = PersonalInfoViewController.swift; sourceTree = "<group>"; };
		DB0E98971E0E677F00443696 /* UpdatePwdViewController.swift */ = {isa = PBXFileReference; fileEncoding = 4; lastKnownFileType = sourcecode.swift; path = UpdatePwdViewController.swift; sourceTree = "<group>"; };
		DB0E98991E10A1CE00443696 /* ClientTableViewCell.swift */ = {isa = PBXFileReference; fileEncoding = 4; lastKnownFileType = sourcecode.swift; path = ClientTableViewCell.swift; sourceTree = "<group>"; };
		DB0E989B1E10B04800443696 /* ClientDetailViewController.swift */ = {isa = PBXFileReference; fileEncoding = 4; lastKnownFileType = sourcecode.swift; path = ClientDetailViewController.swift; sourceTree = "<group>"; };
		DB0E989D1E10C92000443696 /* ConsumeListViewController.swift */ = {isa = PBXFileReference; fileEncoding = 4; lastKnownFileType = sourcecode.swift; path = ConsumeListViewController.swift; sourceTree = "<group>"; };
		DB0E989F1E10C9C700443696 /* FeedbackListViewController.swift */ = {isa = PBXFileReference; fileEncoding = 4; lastKnownFileType = sourcecode.swift; path = FeedbackListViewController.swift; sourceTree = "<group>"; };
		DB0E98A11E10E97400443696 /* ConsumerListCell.swift */ = {isa = PBXFileReference; fileEncoding = 4; lastKnownFileType = sourcecode.swift; path = ConsumerListCell.swift; sourceTree = "<group>"; };
		DB0E98A31E10E9A300443696 /* FeedbackListCell.swift */ = {isa = PBXFileReference; fileEncoding = 4; lastKnownFileType = sourcecode.swift; path = FeedbackListCell.swift; sourceTree = "<group>"; };
		DB0E98A51E110F9C00443696 /* FeedbackDetailViewController.swift */ = {isa = PBXFileReference; fileEncoding = 4; lastKnownFileType = sourcecode.swift; path = FeedbackDetailViewController.swift; sourceTree = "<group>"; };
		DB124DE61E839664009180DD /* AlamofireObjectMapper.xcodeproj */ = {isa = PBXFileReference; lastKnownFileType = "wrapper.pb-project"; name = AlamofireObjectMapper.xcodeproj; path = "../../../OpenSource/swift/AlamofireObjectMapper-master/AlamofireObjectMapper.xcodeproj"; sourceTree = "<group>"; };
		DB124E201E8F40D8009180DD /* ObjectMapper.xcodeproj */ = {isa = PBXFileReference; lastKnownFileType = "wrapper.pb-project"; name = ObjectMapper.xcodeproj; path = "../../../OpenSource/swift/ObjectMapper-master/ObjectMapper.xcodeproj"; sourceTree = "<group>"; };
		DB124E421E94C7FA009180DD /* GarmentDataResultModel.swift */ = {isa = PBXFileReference; fileEncoding = 4; lastKnownFileType = sourcecode.swift; path = GarmentDataResultModel.swift; sourceTree = "<group>"; };
		DB4EE58E1DFF841800BBCE4F /* sdxdg.app */ = {isa = PBXFileReference; explicitFileType = wrapper.application; includeInIndex = 0; path = sdxdg.app; sourceTree = BUILT_PRODUCTS_DIR; };
		DB4EE5911DFF841800BBCE4F /* AppDelegate.swift */ = {isa = PBXFileReference; lastKnownFileType = sourcecode.swift; path = AppDelegate.swift; sourceTree = "<group>"; };
		DB4EE5931DFF841800BBCE4F /* ViewController.swift */ = {isa = PBXFileReference; lastKnownFileType = sourcecode.swift; path = ViewController.swift; sourceTree = "<group>"; };
		DB4EE5961DFF841800BBCE4F /* Base */ = {isa = PBXFileReference; lastKnownFileType = file.storyboard; name = Base; path = Base.lproj/Main.storyboard; sourceTree = "<group>"; };
		DB4EE5981DFF841800BBCE4F /* Assets.xcassets */ = {isa = PBXFileReference; lastKnownFileType = folder.assetcatalog; path = Assets.xcassets; sourceTree = "<group>"; };
		DB4EE59B1DFF841800BBCE4F /* Base */ = {isa = PBXFileReference; lastKnownFileType = file.storyboard; name = Base; path = Base.lproj/LaunchScreen.storyboard; sourceTree = "<group>"; };
		DB4EE59D1DFF841800BBCE4F /* Info.plist */ = {isa = PBXFileReference; lastKnownFileType = text.plist.xml; path = Info.plist; sourceTree = "<group>"; };
		DB4EE5A21DFF841800BBCE4F /* sdxdgTests.xctest */ = {isa = PBXFileReference; explicitFileType = wrapper.cfbundle; includeInIndex = 0; path = sdxdgTests.xctest; sourceTree = BUILT_PRODUCTS_DIR; };
		DB4EE5A61DFF841800BBCE4F /* sdxdgTests.swift */ = {isa = PBXFileReference; lastKnownFileType = sourcecode.swift; path = sdxdgTests.swift; sourceTree = "<group>"; };
		DB4EE5A81DFF841800BBCE4F /* Info.plist */ = {isa = PBXFileReference; lastKnownFileType = text.plist.xml; path = Info.plist; sourceTree = "<group>"; };
		DB4EE5AD1DFF841800BBCE4F /* sdxdgUITests.xctest */ = {isa = PBXFileReference; explicitFileType = wrapper.cfbundle; includeInIndex = 0; path = sdxdgUITests.xctest; sourceTree = BUILT_PRODUCTS_DIR; };
		DB4EE5B11DFF841800BBCE4F /* sdxdgUITests.swift */ = {isa = PBXFileReference; lastKnownFileType = sourcecode.swift; path = sdxdgUITests.swift; sourceTree = "<group>"; };
		DB4EE5B31DFF841800BBCE4F /* Info.plist */ = {isa = PBXFileReference; lastKnownFileType = text.plist.xml; path = Info.plist; sourceTree = "<group>"; };
		DB4EE5C01DFFDBBE00BBCE4F /* LoginViewController.swift */ = {isa = PBXFileReference; fileEncoding = 4; lastKnownFileType = sourcecode.swift; path = LoginViewController.swift; sourceTree = "<group>"; };
		DB4EE5C21DFFDCEF00BBCE4F /* LaunchViewController.swift */ = {isa = PBXFileReference; fileEncoding = 4; lastKnownFileType = sourcecode.swift; path = LaunchViewController.swift; sourceTree = "<group>"; };
		DB4EE5C41DFFF21200BBCE4F /* HomeTabBarViewController.swift */ = {isa = PBXFileReference; fileEncoding = 4; lastKnownFileType = sourcecode.swift; path = HomeTabBarViewController.swift; sourceTree = "<group>"; };
		DB818A361E15EE6B00E09977 /* GarmentModel.swift */ = {isa = PBXFileReference; fileEncoding = 4; lastKnownFileType = sourcecode.swift; path = GarmentModel.swift; sourceTree = "<group>"; };
		DB818A381E16586900E09977 /* ShareViewController.swift */ = {isa = PBXFileReference; fileEncoding = 4; lastKnownFileType = sourcecode.swift; path = ShareViewController.swift; sourceTree = "<group>"; };
		DB818A3A1E1B997A00E09977 /* MyMatchViewController.swift */ = {isa = PBXFileReference; fileEncoding = 4; lastKnownFileType = sourcecode.swift; path = MyMatchViewController.swift; sourceTree = "<group>"; };
		DB818A3C1E1C815500E09977 /* MyMatchTableViewCell.swift */ = {isa = PBXFileReference; fileEncoding = 4; lastKnownFileType = sourcecode.swift; path = MyMatchTableViewCell.swift; sourceTree = "<group>"; };
		DB818A3E1E1CA55100E09977 /* HotMatchViewController.swift */ = {isa = PBXFileReference; fileEncoding = 4; lastKnownFileType = sourcecode.swift; path = HotMatchViewController.swift; sourceTree = "<group>"; };
		DB818A401E1CA6B200E09977 /* PushDetailControllerView.swift */ = {isa = PBXFileReference; fileEncoding = 4; lastKnownFileType = sourcecode.swift; path = PushDetailControllerView.swift; sourceTree = "<group>"; };
		DB818A421E1CA74D00E09977 /* DraftDetailViewController.swift */ = {isa = PBXFileReference; fileEncoding = 4; lastKnownFileType = sourcecode.swift; path = DraftDetailViewController.swift; sourceTree = "<group>"; };
		DB818A451E1CD6C400E09977 /* sdxdg-Bridging-Header.h */ = {isa = PBXFileReference; lastKnownFileType = sourcecode.c.h; path = "sdxdg-Bridging-Header.h"; sourceTree = "<group>"; };
		DB818A461E1CD6C600E09977 /* MBProgressHUD.h */ = {isa = PBXFileReference; fileEncoding = 4; lastKnownFileType = sourcecode.c.h; path = MBProgressHUD.h; sourceTree = "<group>"; };
		DB818A471E1CD6C600E09977 /* MBProgressHUD.m */ = {isa = PBXFileReference; fileEncoding = 4; lastKnownFileType = sourcecode.c.objc; path = MBProgressHUD.m; sourceTree = "<group>"; };
		DB818A491E1CE42900E09977 /* MerchandiseDetailViewController.swift */ = {isa = PBXFileReference; fileEncoding = 4; lastKnownFileType = sourcecode.swift; path = MerchandiseDetailViewController.swift; sourceTree = "<group>"; };
		DB818AAD1E1CF1BA00E09977 /* sdxdp */ = {isa = PBXFileReference; lastKnownFileType = folder; path = sdxdp; sourceTree = "<group>"; };
		DBA3BB611E07711400551D54 /* CustomerListController.swift */ = {isa = PBXFileReference; fileEncoding = 4; lastKnownFileType = sourcecode.swift; path = CustomerListController.swift; sourceTree = "<group>"; };
		DBA3BB631E07AE9100551D54 /* CustomerTableViewCell.swift */ = {isa = PBXFileReference; fileEncoding = 4; lastKnownFileType = sourcecode.swift; path = CustomerTableViewCell.swift; sourceTree = "<group>"; };
		DBA3BB651E09016200551D54 /* MatchListViewController.swift */ = {isa = PBXFileReference; fileEncoding = 4; lastKnownFileType = sourcecode.swift; path = MatchListViewController.swift; sourceTree = "<group>"; };
		DBA3BB671E0906EB00551D54 /* MatchListCell.swift */ = {isa = PBXFileReference; fileEncoding = 4; lastKnownFileType = sourcecode.swift; path = MatchListCell.swift; sourceTree = "<group>"; };
		DBA3BB691E09653B00551D54 /* FilterViewController.swift */ = {isa = PBXFileReference; fileEncoding = 4; lastKnownFileType = sourcecode.swift; path = FilterViewController.swift; sourceTree = "<group>"; };
		DBA3BB6B1E0A1DF100551D54 /* Alamofire.xcodeproj */ = {isa = PBXFileReference; lastKnownFileType = "wrapper.pb-project"; name = Alamofire.xcodeproj; path = ../../../OpenSource/swift/Alamofire/Alamofire.xcodeproj; sourceTree = "<group>"; };
		DBA3BBE31E0A1FBC00551D54 /* SwiftyJSON.xcodeproj */ = {isa = PBXFileReference; lastKnownFileType = "wrapper.pb-project"; name = SwiftyJSON.xcodeproj; path = ../../../OpenSource/swift/SwiftyJSON/SwiftyJSON.xcodeproj; sourceTree = "<group>"; };
		DBA3BC2F1E0A586F00551D54 /* Alamofire.framework */ = {isa = PBXFileReference; lastKnownFileType = wrapper.framework; name = Alamofire.framework; path = "../../../OpenSource/swift/AlamofireImage/Carthage/Checkouts/Alamofire/build/Debug-iphoneos/Alamofire.framework"; sourceTree = "<group>"; };
		DBA532E81E0A5B5D002D2CB4 /* AlamofireImage.xcodeproj */ = {isa = PBXFileReference; lastKnownFileType = "wrapper.pb-project"; name = AlamofireImage.xcodeproj; path = ../../../OpenSource/swift/AlamofireImage/AlamofireImage.xcodeproj; sourceTree = "<group>"; };
		DBAD84A71E274D570007D6D9 /* File.swift */ = {isa = PBXFileReference; fileEncoding = 4; lastKnownFileType = sourcecode.swift; path = File.swift; sourceTree = "<group>"; };
		DBCE0CB81E7FCDC600B8F193 /* UMSocialCore.framework */ = {isa = PBXFileReference; lastKnownFileType = wrapper.framework; name = UMSocialCore.framework; path = sdxdg/UMSocialSDK/UMSocialCore.framework; sourceTree = "<group>"; };
		DBCE0CD01E7FCDCB00B8F193 /* UMSocialNetwork.framework */ = {isa = PBXFileReference; lastKnownFileType = wrapper.framework; name = UMSocialNetwork.framework; path = sdxdg/UMSocialSDK/UMSocialNetwork.framework; sourceTree = "<group>"; };
		DBCE0CD21E7FCDD300B8F193 /* UShareUI.framework */ = {isa = PBXFileReference; lastKnownFileType = wrapper.framework; name = UShareUI.framework; path = sdxdg/UMSocialUI/UShareUI.framework; sourceTree = "<group>"; };
		DBCE0CD41E7FCE6100B8F193 /* libSocialWeChat.a */ = {isa = PBXFileReference; lastKnownFileType = archive.ar; name = libSocialWeChat.a; path = sdxdg/SocialLibraries/WeChat/libSocialWeChat.a; sourceTree = "<group>"; };
		DBDE5C421E231CC8002454F5 /* PassCustomerProtocol.swift */ = {isa = PBXFileReference; fileEncoding = 4; lastKnownFileType = sourcecode.swift; path = PassCustomerProtocol.swift; sourceTree = "<group>"; };
		DBDE5C441E2324FA002454F5 /* CustomerModel.swift */ = {isa = PBXFileReference; fileEncoding = 4; lastKnownFileType = sourcecode.swift; path = CustomerModel.swift; sourceTree = "<group>"; };
		DBDE5C461E24AD2B002454F5 /* HotMatchCell.swift */ = {isa = PBXFileReference; fileEncoding = 4; lastKnownFileType = sourcecode.swift; path = HotMatchCell.swift; sourceTree = "<group>"; };
		DBDE5C491E25C13D002454F5 /* ModelView.swift */ = {isa = PBXFileReference; fileEncoding = 4; lastKnownFileType = sourcecode.swift; path = ModelView.swift; sourceTree = "<group>"; };
		DBEAB1161E7A216F000E99F4 /* MessageUtil.swift */ = {isa = PBXFileReference; fileEncoding = 4; lastKnownFileType = sourcecode.swift; path = MessageUtil.swift; sourceTree = "<group>"; };
		DBEAB1181E7A3A03000E99F4 /* ChineseString.h */ = {isa = PBXFileReference; fileEncoding = 4; lastKnownFileType = sourcecode.c.h; path = ChineseString.h; sourceTree = "<group>"; };
		DBEAB1191E7A3A03000E99F4 /* ChineseString.m */ = {isa = PBXFileReference; fileEncoding = 4; lastKnownFileType = sourcecode.c.objc; path = ChineseString.m; sourceTree = "<group>"; };
		DBEAB11A1E7A3A03000E99F4 /* pinyin.h */ = {isa = PBXFileReference; fileEncoding = 4; lastKnownFileType = sourcecode.c.h; path = pinyin.h; sourceTree = "<group>"; };
		DBEAB11B1E7A3A03000E99F4 /* pinyin.m */ = {isa = PBXFileReference; fileEncoding = 4; lastKnownFileType = sourcecode.c.objc; path = pinyin.m; sourceTree = "<group>"; };
		DBEAB11E1E7A7EF7000E99F4 /* ConstantsUtil.swift */ = {isa = PBXFileReference; fileEncoding = 4; lastKnownFileType = sourcecode.swift; path = ConstantsUtil.swift; sourceTree = "<group>"; };
		DBEAB1201E7A864C000E99F4 /* LocalDataStorageUtil.swift */ = {isa = PBXFileReference; fileEncoding = 4; lastKnownFileType = sourcecode.swift; path = LocalDataStorageUtil.swift; sourceTree = "<group>"; };
		DBEEFDD21E1E33F700B25DA1 /* MyFeedbackDetailViewController.swift */ = {isa = PBXFileReference; fileEncoding = 4; lastKnownFileType = sourcecode.swift; path = MyFeedbackDetailViewController.swift; sourceTree = "<group>"; };
/* End PBXFileReference section */

/* Begin PBXFrameworksBuildPhase section */
		DB4EE58B1DFF841800BBCE4F /* Frameworks */ = {
			isa = PBXFrameworksBuildPhase;
			buildActionMask = 2147483647;
			files = (
				DB124E1B1E8F3F44009180DD /* AlamofireObjectMapper.framework in Frameworks */,
				DB0DC22A1E7FCA450016CDBB /* CoreGraphics.framework in Frameworks */,
				DB0DC2281E7FCA3A0016CDBB /* libsqlite3.tbd in Frameworks */,
				DBCE0CD51E7FCE6100B8F193 /* libSocialWeChat.a in Frameworks */,
				DBA3BC621E0A5A0800551D54 /* Alamofire.framework in Frameworks */,
				DBCE0CD31E7FCDD300B8F193 /* UShareUI.framework in Frameworks */,
				DBCE0CD11E7FCDCB00B8F193 /* UMSocialNetwork.framework in Frameworks */,
				DBCE0CB91E7FCDC600B8F193 /* UMSocialCore.framework in Frameworks */,
				DB124E1C1E8F3F50009180DD /* AlamofireObjectMapper.framework in Frameworks */,
				DBA533011E0A5CA8002D2CB4 /* AlamofireImage.framework in Frameworks */,
				DB0E988D1E0BD20800443696 /* Charts.framework in Frameworks */,
				DB124E391E8F41B3009180DD /* ObjectMapper.framework in Frameworks */,
				DBA3BC661E0A5A0800551D54 /* SwiftyJSON.framework in Frameworks */,
			);
			runOnlyForDeploymentPostprocessing = 0;
		};
		DB4EE59F1DFF841800BBCE4F /* Frameworks */ = {
			isa = PBXFrameworksBuildPhase;
			buildActionMask = 2147483647;
			files = (
			);
			runOnlyForDeploymentPostprocessing = 0;
		};
		DB4EE5AA1DFF841800BBCE4F /* Frameworks */ = {
			isa = PBXFrameworksBuildPhase;
			buildActionMask = 2147483647;
			files = (
			);
			runOnlyForDeploymentPostprocessing = 0;
		};
/* End PBXFrameworksBuildPhase section */

/* Begin PBXGroup section */
		DB0DC20A1E7FC8C80016CDBB /* UMSocial */ = {
			isa = PBXGroup;
			children = (
				DB0DC2211E7FC8E00016CDBB /* UMSocialSDK */,
				DB0DC2221E7FC8E00016CDBB /* UMSocialUI */,
				DB0DC2231E7FC8E00016CDBB /* SocialLibraries */,
			);
			name = UMSocial;
			sourceTree = "<group>";
		};
		DB0E98821E0BD1F900443696 /* Products */ = {
			isa = PBXGroup;
			children = (
				DB0E98881E0BD1FA00443696 /* Charts.framework */,
				DB0E988A1E0BD1FA00443696 /* ChartsRealm.framework */,
				DB0E988C1E0BD1FA00443696 /* ChartsTests.xctest */,
			);
			name = Products;
			sourceTree = "<group>";
		};
		DB124DE71E839664009180DD /* Products */ = {
			isa = PBXGroup;
			children = (
				DB124E011E839664009180DD /* AlamofireObjectMapper.framework */,
				DB124E031E839664009180DD /* AlamofireObjectMapperTests iOS.xctest */,
				DB124E051E839664009180DD /* AlamofireObjectMapper.framework */,
				DB124E071E839664009180DD /* AlamofireObjectMapperTests OSX.xctest */,
				DB124E091E839664009180DD /* AlamofireObjectMapper.framework */,
				DB124E0B1E839664009180DD /* AlamofireObjectMapperTests tvOS.xctest */,
				DB124E0D1E839664009180DD /* AlamofireObjectMapper.framework */,
			);
			name = Products;
			sourceTree = "<group>";
		};
		DB124E211E8F40D8009180DD /* Products */ = {
			isa = PBXGroup;
			children = (
				DB124E2B1E8F40D8009180DD /* ObjectMapper.framework */,
				DB124E2D1E8F40D8009180DD /* ObjectMapper.framework */,
				DB124E2F1E8F40D8009180DD /* ObjectMapper.framework */,
				DB124E311E8F40D8009180DD /* ObjectMapper.framework */,
				DB124E331E8F40D8009180DD /* ObjectMapper-iOSTests.xctest */,
				DB124E351E8F40D8009180DD /* ObjectMapper-MacTests.xctest */,
				DB124E371E8F40D8009180DD /* ObjectMapper-tvOSTests.xctest */,
			);
			name = Products;
			sourceTree = "<group>";
		};
		DB4EE5851DFF841800BBCE4F = {
			isa = PBXGroup;
			children = (
				DB124E201E8F40D8009180DD /* ObjectMapper.xcodeproj */,
				DB124DE61E839664009180DD /* AlamofireObjectMapper.xcodeproj */,
				DB0E98811E0BD1F900443696 /* Charts.xcodeproj */,
				DBA532E81E0A5B5D002D2CB4 /* AlamofireImage.xcodeproj */,
				DBA3BB6B1E0A1DF100551D54 /* Alamofire.xcodeproj */,
				DBA3BBE31E0A1FBC00551D54 /* SwiftyJSON.xcodeproj */,
				DB4EE5901DFF841800BBCE4F /* sdxdg */,
				DB4EE5A51DFF841800BBCE4F /* sdxdgTests */,
				DB4EE5B01DFF841800BBCE4F /* sdxdgUITests */,
				DB4EE58F1DFF841800BBCE4F /* Products */,
				DBA3BC2E1E0A586F00551D54 /* Frameworks */,
			);
			sourceTree = "<group>";
		};
		DB4EE58F1DFF841800BBCE4F /* Products */ = {
			isa = PBXGroup;
			children = (
				DB4EE58E1DFF841800BBCE4F /* sdxdg.app */,
				DB4EE5A21DFF841800BBCE4F /* sdxdgTests.xctest */,
				DB4EE5AD1DFF841800BBCE4F /* sdxdgUITests.xctest */,
			);
			name = Products;
			sourceTree = "<group>";
		};
		DB4EE5901DFF841800BBCE4F /* sdxdg */ = {
			isa = PBXGroup;
			children = (
				DB0DC20A1E7FC8C80016CDBB /* UMSocial */,
				DBEAB0FD1E7920DC000E99F4 /* utils */,
				DBAD84901E274D2F0007D6D9 /* extension */,
				DBDE5C481E25C0F8002454F5 /* view */,
				DB818AAD1E1CF1BA00E09977 /* sdxdp */,
				DBDE5C2B1E231C85002454F5 /* protocol */,
				DB818A441E1CD4FF00E09977 /* oc_lib */,
				DB818A1F1E15ED7800E09977 /* model */,
				DB4EE5BF1DFFDB8A00BBCE4F /* Controller */,
				DB4EE5911DFF841800BBCE4F /* AppDelegate.swift */,
				DB4EE5951DFF841800BBCE4F /* Main.storyboard */,
				DB4EE5981DFF841800BBCE4F /* Assets.xcassets */,
				DB4EE59A1DFF841800BBCE4F /* LaunchScreen.storyboard */,
				DB4EE59D1DFF841800BBCE4F /* Info.plist */,
			);
			path = sdxdg;
			sourceTree = "<group>";
		};
		DB4EE5A51DFF841800BBCE4F /* sdxdgTests */ = {
			isa = PBXGroup;
			children = (
				DB4EE5A61DFF841800BBCE4F /* sdxdgTests.swift */,
				DB4EE5A81DFF841800BBCE4F /* Info.plist */,
			);
			path = sdxdgTests;
			sourceTree = "<group>";
		};
		DB4EE5B01DFF841800BBCE4F /* sdxdgUITests */ = {
			isa = PBXGroup;
			children = (
				DB4EE5B11DFF841800BBCE4F /* sdxdgUITests.swift */,
				DB4EE5B31DFF841800BBCE4F /* Info.plist */,
			);
			path = sdxdgUITests;
			sourceTree = "<group>";
		};
		DB4EE5BF1DFFDB8A00BBCE4F /* Controller */ = {
			isa = PBXGroup;
			children = (
				DB818A381E16586900E09977 /* ShareViewController.swift */,
				DB4EE5931DFF841800BBCE4F /* ViewController.swift */,
				DB4EE5C01DFFDBBE00BBCE4F /* LoginViewController.swift */,
				DB4EE5C21DFFDCEF00BBCE4F /* LaunchViewController.swift */,
				DB4EE5C41DFFF21200BBCE4F /* HomeTabBarViewController.swift */,
				DB0D2EFC1E00D24100F45386 /* MineViewController.swift */,
				DB0D2EFE1E00D25800F45386 /* MatchViewController.swift */,
				DB0D2F001E00D27300F45386 /* ClientViewController.swift */,
				DBA3BB611E07711400551D54 /* CustomerListController.swift */,
				DBA3BB631E07AE9100551D54 /* CustomerTableViewCell.swift */,
				DBA3BB651E09016200551D54 /* MatchListViewController.swift */,
				DBA3BB671E0906EB00551D54 /* MatchListCell.swift */,
				DBA3BB691E09653B00551D54 /* FilterViewController.swift */,
				DB0E98911E0CB38000443696 /* SettingViewController.swift */,
				DB0E98931E0E5F4500443696 /* HelpAndBackViewController.swift */,
				DB0E98951E0E657F00443696 /* PersonalInfoViewController.swift */,
				DB0E98971E0E677F00443696 /* UpdatePwdViewController.swift */,
				DB0E98991E10A1CE00443696 /* ClientTableViewCell.swift */,
				DB0E989B1E10B04800443696 /* ClientDetailViewController.swift */,
				DB0E989D1E10C92000443696 /* ConsumeListViewController.swift */,
				DB0E989F1E10C9C700443696 /* FeedbackListViewController.swift */,
				DB0E98A11E10E97400443696 /* ConsumerListCell.swift */,
				DB0E98A31E10E9A300443696 /* FeedbackListCell.swift */,
				DB0E98A51E110F9C00443696 /* FeedbackDetailViewController.swift */,
				DB818A3A1E1B997A00E09977 /* MyMatchViewController.swift */,
				DB818A3C1E1C815500E09977 /* MyMatchTableViewCell.swift */,
				DB818A3E1E1CA55100E09977 /* HotMatchViewController.swift */,
				DB818A401E1CA6B200E09977 /* PushDetailControllerView.swift */,
				DB818A421E1CA74D00E09977 /* DraftDetailViewController.swift */,
				DB818A491E1CE42900E09977 /* MerchandiseDetailViewController.swift */,
				DBEEFDD21E1E33F700B25DA1 /* MyFeedbackDetailViewController.swift */,
				DBDE5C461E24AD2B002454F5 /* HotMatchCell.swift */,
			);
			name = Controller;
			sourceTree = "<group>";
		};
		DB818A1F1E15ED7800E09977 /* model */ = {
			isa = PBXGroup;
			children = (
				DB818A361E15EE6B00E09977 /* GarmentModel.swift */,
				DBDE5C441E2324FA002454F5 /* CustomerModel.swift */,
				DB124E421E94C7FA009180DD /* GarmentDataResultModel.swift */,
				DB073E1A1E9B1EDB000E27DD /* Match.swift */,
				DB073E3E1E9B1FA9000E27DD /* User.swift */,
				DB073E401E9B21C2000E27DD /* Matchlist.swift */,
			);
			name = model;
			sourceTree = "<group>";
		};
		DB818A441E1CD4FF00E09977 /* oc_lib */ = {
			isa = PBXGroup;
			children = (
				DBEAB1181E7A3A03000E99F4 /* ChineseString.h */,
				DBEAB1191E7A3A03000E99F4 /* ChineseString.m */,
				DBEAB11A1E7A3A03000E99F4 /* pinyin.h */,
				DBEAB11B1E7A3A03000E99F4 /* pinyin.m */,
				DB818A461E1CD6C600E09977 /* MBProgressHUD.h */,
				DB818A471E1CD6C600E09977 /* MBProgressHUD.m */,
				DB818A451E1CD6C400E09977 /* sdxdg-Bridging-Header.h */,
			);
			name = oc_lib;
			sourceTree = "<group>";
		};
		DBA3BB6C1E0A1DF100551D54 /* Products */ = {
			isa = PBXGroup;
			children = (
				DBA3BB771E0A1DF200551D54 /* Alamofire.framework */,
				DBA3BB791E0A1DF200551D54 /* Alamofire iOS Tests.xctest */,
				DBA3BB7B1E0A1DF200551D54 /* Alamofire.framework */,
				DBA3BB7D1E0A1DF200551D54 /* Alamofire macOS Tests.xctest */,
				DBA3BB7F1E0A1DF200551D54 /* Alamofire.framework */,
				DBA3BB811E0A1DF200551D54 /* Alamofire tvOS Tests.xctest */,
				DBA3BB831E0A1DF200551D54 /* Alamofire.framework */,
			);
			name = Products;
			sourceTree = "<group>";
		};
		DBA3BBE41E0A1FBC00551D54 /* Products */ = {
			isa = PBXGroup;
			children = (
				DBA3BBEE1E0A1FBC00551D54 /* SwiftyJSON.framework */,
				DBA3BBF01E0A1FBC00551D54 /* SwiftyJSON iOS Tests.xctest */,
				DBA3BBF21E0A1FBC00551D54 /* SwiftyJSON.framework */,
				DBA3BBF41E0A1FBC00551D54 /* SwiftyJSON OSX Tests.xctest */,
				DBA3BBF61E0A1FBC00551D54 /* SwiftyJSON.framework */,
				DBA3BBF81E0A1FBC00551D54 /* SwiftyJSON.framework */,
				DBA3BBFA1E0A1FBC00551D54 /* SwiftyJSON tvOS Tests.xctest */,
			);
			name = Products;
			sourceTree = "<group>";
		};
		DBA3BC2E1E0A586F00551D54 /* Frameworks */ = {
			isa = PBXGroup;
			children = (
				DBCE0CD41E7FCE6100B8F193 /* libSocialWeChat.a */,
				DBCE0CD21E7FCDD300B8F193 /* UShareUI.framework */,
				DBCE0CD01E7FCDCB00B8F193 /* UMSocialNetwork.framework */,
				DBCE0CB81E7FCDC600B8F193 /* UMSocialCore.framework */,
				DB0DC2291E7FCA450016CDBB /* CoreGraphics.framework */,
				DB0DC2271E7FCA3A0016CDBB /* libsqlite3.tbd */,
				DBA3BC2F1E0A586F00551D54 /* Alamofire.framework */,
			);
			name = Frameworks;
			sourceTree = "<group>";
		};
		DBA532E91E0A5B5D002D2CB4 /* Products */ = {
			isa = PBXGroup;
			children = (
				DBA532F41E0A5B5D002D2CB4 /* AlamofireImage.framework */,
				DBA532F61E0A5B5D002D2CB4 /* AlamofireImage iOS Tests.xctest */,
				DBA532F81E0A5B5D002D2CB4 /* AlamofireImage.framework */,
				DBA532FA1E0A5B5D002D2CB4 /* AlamofireImage macOS Tests.xctest */,
				DBA532FC1E0A5B5D002D2CB4 /* AlamofireImage.framework */,
				DBA532FE1E0A5B5D002D2CB4 /* AlamofireImage tvOS Tests.xctest */,
				DBA533001E0A5B5D002D2CB4 /* AlamofireImage.framework */,
			);
			name = Products;
			sourceTree = "<group>";
		};
		DBAD84901E274D2F0007D6D9 /* extension */ = {
			isa = PBXGroup;
			children = (
				DBAD84A71E274D570007D6D9 /* File.swift */,
			);
			name = extension;
			sourceTree = "<group>";
		};
		DBDE5C2B1E231C85002454F5 /* protocol */ = {
			isa = PBXGroup;
			children = (
				DBDE5C421E231CC8002454F5 /* PassCustomerProtocol.swift */,
			);
			name = protocol;
			sourceTree = "<group>";
		};
		DBDE5C481E25C0F8002454F5 /* view */ = {
			isa = PBXGroup;
			children = (
				DBDE5C491E25C13D002454F5 /* ModelView.swift */,
				DB005EDF1E333967003709FA /* TagLayer.swift */,
			);
			name = view;
			sourceTree = "<group>";
		};
		DBEAB0FD1E7920DC000E99F4 /* utils */ = {
			isa = PBXGroup;
			children = (
				DBEAB1161E7A216F000E99F4 /* MessageUtil.swift */,
				DBEAB11E1E7A7EF7000E99F4 /* ConstantsUtil.swift */,
				DBEAB1201E7A864C000E99F4 /* LocalDataStorageUtil.swift */,
			);
			name = utils;
			sourceTree = "<group>";
		};
/* End PBXGroup section */

/* Begin PBXNativeTarget section */
		DB4EE58D1DFF841800BBCE4F /* sdxdg */ = {
			isa = PBXNativeTarget;
			buildConfigurationList = DB4EE5B61DFF841800BBCE4F /* Build configuration list for PBXNativeTarget "sdxdg" */;
			buildPhases = (
				DB4EE58A1DFF841800BBCE4F /* Sources */,
				DB4EE58B1DFF841800BBCE4F /* Frameworks */,
				DB4EE58C1DFF841800BBCE4F /* Resources */,
				DBA3BC6E1E0A5A0900551D54 /* Embed Frameworks */,
			);
			buildRules = (
			);
			dependencies = (
				DBA3BC651E0A5A0800551D54 /* PBXTargetDependency */,
				DBA3BC691E0A5A0800551D54 /* PBXTargetDependency */,
				DBA533041E0A5CA8002D2CB4 /* PBXTargetDependency */,
				DB0E98901E0BD20800443696 /* PBXTargetDependency */,
				DB124E1F1E8F3F50009180DD /* PBXTargetDependency */,
				DB124E3C1E8F41B3009180DD /* PBXTargetDependency */,
			);
			name = sdxdg;
			productName = sdxdg;
			productReference = DB4EE58E1DFF841800BBCE4F /* sdxdg.app */;
			productType = "com.apple.product-type.application";
		};
		DB4EE5A11DFF841800BBCE4F /* sdxdgTests */ = {
			isa = PBXNativeTarget;
			buildConfigurationList = DB4EE5B91DFF841800BBCE4F /* Build configuration list for PBXNativeTarget "sdxdgTests" */;
			buildPhases = (
				DB4EE59E1DFF841800BBCE4F /* Sources */,
				DB4EE59F1DFF841800BBCE4F /* Frameworks */,
				DB4EE5A01DFF841800BBCE4F /* Resources */,
			);
			buildRules = (
			);
			dependencies = (
				DB4EE5A41DFF841800BBCE4F /* PBXTargetDependency */,
			);
			name = sdxdgTests;
			productName = sdxdgTests;
			productReference = DB4EE5A21DFF841800BBCE4F /* sdxdgTests.xctest */;
			productType = "com.apple.product-type.bundle.unit-test";
		};
		DB4EE5AC1DFF841800BBCE4F /* sdxdgUITests */ = {
			isa = PBXNativeTarget;
			buildConfigurationList = DB4EE5BC1DFF841800BBCE4F /* Build configuration list for PBXNativeTarget "sdxdgUITests" */;
			buildPhases = (
				DB4EE5A91DFF841800BBCE4F /* Sources */,
				DB4EE5AA1DFF841800BBCE4F /* Frameworks */,
				DB4EE5AB1DFF841800BBCE4F /* Resources */,
			);
			buildRules = (
			);
			dependencies = (
				DB4EE5AF1DFF841800BBCE4F /* PBXTargetDependency */,
			);
			name = sdxdgUITests;
			productName = sdxdgUITests;
			productReference = DB4EE5AD1DFF841800BBCE4F /* sdxdgUITests.xctest */;
			productType = "com.apple.product-type.bundle.ui-testing";
		};
/* End PBXNativeTarget section */

/* Begin PBXProject section */
		DB4EE5861DFF841800BBCE4F /* Project object */ = {
			isa = PBXProject;
			attributes = {
				LastSwiftUpdateCheck = 0810;
				LastUpgradeCheck = 0810;
				ORGANIZATIONNAME = geekTeam;
				TargetAttributes = {
					DB4EE58D1DFF841800BBCE4F = {
						CreatedOnToolsVersion = 8.1;
						DevelopmentTeam = FNB4FR5EG6;
						LastSwiftMigration = 0820;
						ProvisioningStyle = Automatic;
					};
					DB4EE5A11DFF841800BBCE4F = {
						CreatedOnToolsVersion = 8.1;
						DevelopmentTeam = FNB4FR5EG6;
						LastSwiftMigration = 0810;
						ProvisioningStyle = Automatic;
						TestTargetID = DB4EE58D1DFF841800BBCE4F;
					};
					DB4EE5AC1DFF841800BBCE4F = {
						CreatedOnToolsVersion = 8.1;
						DevelopmentTeam = FNB4FR5EG6;
						LastSwiftMigration = 0810;
						ProvisioningStyle = Automatic;
						TestTargetID = DB4EE58D1DFF841800BBCE4F;
					};
				};
			};
			buildConfigurationList = DB4EE5891DFF841800BBCE4F /* Build configuration list for PBXProject "sdxdg" */;
			compatibilityVersion = "Xcode 3.2";
			developmentRegion = English;
			hasScannedForEncodings = 0;
			knownRegions = (
				en,
				Base,
			);
			mainGroup = DB4EE5851DFF841800BBCE4F;
			productRefGroup = DB4EE58F1DFF841800BBCE4F /* Products */;
			projectDirPath = "";
			projectReferences = (
				{
					ProductGroup = DBA3BB6C1E0A1DF100551D54 /* Products */;
					ProjectRef = DBA3BB6B1E0A1DF100551D54 /* Alamofire.xcodeproj */;
				},
				{
					ProductGroup = DBA532E91E0A5B5D002D2CB4 /* Products */;
					ProjectRef = DBA532E81E0A5B5D002D2CB4 /* AlamofireImage.xcodeproj */;
				},
				{
					ProductGroup = DB124DE71E839664009180DD /* Products */;
					ProjectRef = DB124DE61E839664009180DD /* AlamofireObjectMapper.xcodeproj */;
				},
				{
					ProductGroup = DB0E98821E0BD1F900443696 /* Products */;
					ProjectRef = DB0E98811E0BD1F900443696 /* Charts.xcodeproj */;
				},
				{
					ProductGroup = DB124E211E8F40D8009180DD /* Products */;
					ProjectRef = DB124E201E8F40D8009180DD /* ObjectMapper.xcodeproj */;
				},
				{
					ProductGroup = DBA3BBE41E0A1FBC00551D54 /* Products */;
					ProjectRef = DBA3BBE31E0A1FBC00551D54 /* SwiftyJSON.xcodeproj */;
				},
			);
			projectRoot = "";
			targets = (
				DB4EE58D1DFF841800BBCE4F /* sdxdg */,
				DB4EE5A11DFF841800BBCE4F /* sdxdgTests */,
				DB4EE5AC1DFF841800BBCE4F /* sdxdgUITests */,
			);
		};
/* End PBXProject section */

/* Begin PBXReferenceProxy section */
		DB0E98881E0BD1FA00443696 /* Charts.framework */ = {
			isa = PBXReferenceProxy;
			fileType = wrapper.framework;
			path = Charts.framework;
			remoteRef = DB0E98871E0BD1FA00443696 /* PBXContainerItemProxy */;
			sourceTree = BUILT_PRODUCTS_DIR;
		};
		DB0E988A1E0BD1FA00443696 /* ChartsRealm.framework */ = {
			isa = PBXReferenceProxy;
			fileType = wrapper.framework;
			path = ChartsRealm.framework;
			remoteRef = DB0E98891E0BD1FA00443696 /* PBXContainerItemProxy */;
			sourceTree = BUILT_PRODUCTS_DIR;
		};
		DB0E988C1E0BD1FA00443696 /* ChartsTests.xctest */ = {
			isa = PBXReferenceProxy;
			fileType = wrapper.cfbundle;
			path = ChartsTests.xctest;
			remoteRef = DB0E988B1E0BD1FA00443696 /* PBXContainerItemProxy */;
			sourceTree = BUILT_PRODUCTS_DIR;
		};
		DB124E011E839664009180DD /* AlamofireObjectMapper.framework */ = {
			isa = PBXReferenceProxy;
			fileType = wrapper.framework;
			path = AlamofireObjectMapper.framework;
			remoteRef = DB124E001E839664009180DD /* PBXContainerItemProxy */;
			sourceTree = BUILT_PRODUCTS_DIR;
		};
		DB124E031E839664009180DD /* AlamofireObjectMapperTests iOS.xctest */ = {
			isa = PBXReferenceProxy;
			fileType = wrapper.cfbundle;
			path = "AlamofireObjectMapperTests iOS.xctest";
			remoteRef = DB124E021E839664009180DD /* PBXContainerItemProxy */;
			sourceTree = BUILT_PRODUCTS_DIR;
		};
		DB124E051E839664009180DD /* AlamofireObjectMapper.framework */ = {
			isa = PBXReferenceProxy;
			fileType = wrapper.framework;
			path = AlamofireObjectMapper.framework;
			remoteRef = DB124E041E839664009180DD /* PBXContainerItemProxy */;
			sourceTree = BUILT_PRODUCTS_DIR;
		};
		DB124E071E839664009180DD /* AlamofireObjectMapperTests OSX.xctest */ = {
			isa = PBXReferenceProxy;
			fileType = wrapper.cfbundle;
			path = "AlamofireObjectMapperTests OSX.xctest";
			remoteRef = DB124E061E839664009180DD /* PBXContainerItemProxy */;
			sourceTree = BUILT_PRODUCTS_DIR;
		};
		DB124E091E839664009180DD /* AlamofireObjectMapper.framework */ = {
			isa = PBXReferenceProxy;
			fileType = wrapper.framework;
			path = AlamofireObjectMapper.framework;
			remoteRef = DB124E081E839664009180DD /* PBXContainerItemProxy */;
			sourceTree = BUILT_PRODUCTS_DIR;
		};
		DB124E0B1E839664009180DD /* AlamofireObjectMapperTests tvOS.xctest */ = {
			isa = PBXReferenceProxy;
			fileType = wrapper.cfbundle;
			path = "AlamofireObjectMapperTests tvOS.xctest";
			remoteRef = DB124E0A1E839664009180DD /* PBXContainerItemProxy */;
			sourceTree = BUILT_PRODUCTS_DIR;
		};
		DB124E0D1E839664009180DD /* AlamofireObjectMapper.framework */ = {
			isa = PBXReferenceProxy;
			fileType = wrapper.framework;
			path = AlamofireObjectMapper.framework;
			remoteRef = DB124E0C1E839664009180DD /* PBXContainerItemProxy */;
			sourceTree = BUILT_PRODUCTS_DIR;
		};
		DB124E2B1E8F40D8009180DD /* ObjectMapper.framework */ = {
			isa = PBXReferenceProxy;
			fileType = wrapper.framework;
			path = ObjectMapper.framework;
			remoteRef = DB124E2A1E8F40D8009180DD /* PBXContainerItemProxy */;
			sourceTree = BUILT_PRODUCTS_DIR;
		};
		DB124E2D1E8F40D8009180DD /* ObjectMapper.framework */ = {
			isa = PBXReferenceProxy;
			fileType = wrapper.framework;
			path = ObjectMapper.framework;
			remoteRef = DB124E2C1E8F40D8009180DD /* PBXContainerItemProxy */;
			sourceTree = BUILT_PRODUCTS_DIR;
		};
		DB124E2F1E8F40D8009180DD /* ObjectMapper.framework */ = {
			isa = PBXReferenceProxy;
			fileType = wrapper.framework;
			path = ObjectMapper.framework;
			remoteRef = DB124E2E1E8F40D8009180DD /* PBXContainerItemProxy */;
			sourceTree = BUILT_PRODUCTS_DIR;
		};
		DB124E311E8F40D8009180DD /* ObjectMapper.framework */ = {
			isa = PBXReferenceProxy;
			fileType = wrapper.framework;
			path = ObjectMapper.framework;
			remoteRef = DB124E301E8F40D8009180DD /* PBXContainerItemProxy */;
			sourceTree = BUILT_PRODUCTS_DIR;
		};
		DB124E331E8F40D8009180DD /* ObjectMapper-iOSTests.xctest */ = {
			isa = PBXReferenceProxy;
			fileType = wrapper.cfbundle;
			path = "ObjectMapper-iOSTests.xctest";
			remoteRef = DB124E321E8F40D8009180DD /* PBXContainerItemProxy */;
			sourceTree = BUILT_PRODUCTS_DIR;
		};
		DB124E351E8F40D8009180DD /* ObjectMapper-MacTests.xctest */ = {
			isa = PBXReferenceProxy;
			fileType = wrapper.cfbundle;
			path = "ObjectMapper-MacTests.xctest";
			remoteRef = DB124E341E8F40D8009180DD /* PBXContainerItemProxy */;
			sourceTree = BUILT_PRODUCTS_DIR;
		};
		DB124E371E8F40D8009180DD /* ObjectMapper-tvOSTests.xctest */ = {
			isa = PBXReferenceProxy;
			fileType = wrapper.cfbundle;
			path = "ObjectMapper-tvOSTests.xctest";
			remoteRef = DB124E361E8F40D8009180DD /* PBXContainerItemProxy */;
			sourceTree = BUILT_PRODUCTS_DIR;
		};
		DBA3BB771E0A1DF200551D54 /* Alamofire.framework */ = {
			isa = PBXReferenceProxy;
			fileType = wrapper.framework;
			path = Alamofire.framework;
			remoteRef = DBA3BB761E0A1DF200551D54 /* PBXContainerItemProxy */;
			sourceTree = BUILT_PRODUCTS_DIR;
		};
		DBA3BB791E0A1DF200551D54 /* Alamofire iOS Tests.xctest */ = {
			isa = PBXReferenceProxy;
			fileType = wrapper.cfbundle;
			path = "Alamofire iOS Tests.xctest";
			remoteRef = DBA3BB781E0A1DF200551D54 /* PBXContainerItemProxy */;
			sourceTree = BUILT_PRODUCTS_DIR;
		};
		DBA3BB7B1E0A1DF200551D54 /* Alamofire.framework */ = {
			isa = PBXReferenceProxy;
			fileType = wrapper.framework;
			path = Alamofire.framework;
			remoteRef = DBA3BB7A1E0A1DF200551D54 /* PBXContainerItemProxy */;
			sourceTree = BUILT_PRODUCTS_DIR;
		};
		DBA3BB7D1E0A1DF200551D54 /* Alamofire macOS Tests.xctest */ = {
			isa = PBXReferenceProxy;
			fileType = wrapper.cfbundle;
			path = "Alamofire macOS Tests.xctest";
			remoteRef = DBA3BB7C1E0A1DF200551D54 /* PBXContainerItemProxy */;
			sourceTree = BUILT_PRODUCTS_DIR;
		};
		DBA3BB7F1E0A1DF200551D54 /* Alamofire.framework */ = {
			isa = PBXReferenceProxy;
			fileType = wrapper.framework;
			path = Alamofire.framework;
			remoteRef = DBA3BB7E1E0A1DF200551D54 /* PBXContainerItemProxy */;
			sourceTree = BUILT_PRODUCTS_DIR;
		};
		DBA3BB811E0A1DF200551D54 /* Alamofire tvOS Tests.xctest */ = {
			isa = PBXReferenceProxy;
			fileType = wrapper.cfbundle;
			path = "Alamofire tvOS Tests.xctest";
			remoteRef = DBA3BB801E0A1DF200551D54 /* PBXContainerItemProxy */;
			sourceTree = BUILT_PRODUCTS_DIR;
		};
		DBA3BB831E0A1DF200551D54 /* Alamofire.framework */ = {
			isa = PBXReferenceProxy;
			fileType = wrapper.framework;
			path = Alamofire.framework;
			remoteRef = DBA3BB821E0A1DF200551D54 /* PBXContainerItemProxy */;
			sourceTree = BUILT_PRODUCTS_DIR;
		};
		DBA3BBEE1E0A1FBC00551D54 /* SwiftyJSON.framework */ = {
			isa = PBXReferenceProxy;
			fileType = wrapper.framework;
			path = SwiftyJSON.framework;
			remoteRef = DBA3BBED1E0A1FBC00551D54 /* PBXContainerItemProxy */;
			sourceTree = BUILT_PRODUCTS_DIR;
		};
		DBA3BBF01E0A1FBC00551D54 /* SwiftyJSON iOS Tests.xctest */ = {
			isa = PBXReferenceProxy;
			fileType = wrapper.cfbundle;
			path = "SwiftyJSON iOS Tests.xctest";
			remoteRef = DBA3BBEF1E0A1FBC00551D54 /* PBXContainerItemProxy */;
			sourceTree = BUILT_PRODUCTS_DIR;
		};
		DBA3BBF21E0A1FBC00551D54 /* SwiftyJSON.framework */ = {
			isa = PBXReferenceProxy;
			fileType = wrapper.framework;
			path = SwiftyJSON.framework;
			remoteRef = DBA3BBF11E0A1FBC00551D54 /* PBXContainerItemProxy */;
			sourceTree = BUILT_PRODUCTS_DIR;
		};
		DBA3BBF41E0A1FBC00551D54 /* SwiftyJSON OSX Tests.xctest */ = {
			isa = PBXReferenceProxy;
			fileType = wrapper.cfbundle;
			path = "SwiftyJSON OSX Tests.xctest";
			remoteRef = DBA3BBF31E0A1FBC00551D54 /* PBXContainerItemProxy */;
			sourceTree = BUILT_PRODUCTS_DIR;
		};
		DBA3BBF61E0A1FBC00551D54 /* SwiftyJSON.framework */ = {
			isa = PBXReferenceProxy;
			fileType = wrapper.framework;
			path = SwiftyJSON.framework;
			remoteRef = DBA3BBF51E0A1FBC00551D54 /* PBXContainerItemProxy */;
			sourceTree = BUILT_PRODUCTS_DIR;
		};
		DBA3BBF81E0A1FBC00551D54 /* SwiftyJSON.framework */ = {
			isa = PBXReferenceProxy;
			fileType = wrapper.framework;
			path = SwiftyJSON.framework;
			remoteRef = DBA3BBF71E0A1FBC00551D54 /* PBXContainerItemProxy */;
			sourceTree = BUILT_PRODUCTS_DIR;
		};
		DBA3BBFA1E0A1FBC00551D54 /* SwiftyJSON tvOS Tests.xctest */ = {
			isa = PBXReferenceProxy;
			fileType = wrapper.cfbundle;
			path = "SwiftyJSON tvOS Tests.xctest";
			remoteRef = DBA3BBF91E0A1FBC00551D54 /* PBXContainerItemProxy */;
			sourceTree = BUILT_PRODUCTS_DIR;
		};
		DBA532F41E0A5B5D002D2CB4 /* AlamofireImage.framework */ = {
			isa = PBXReferenceProxy;
			fileType = wrapper.framework;
			path = AlamofireImage.framework;
			remoteRef = DBA532F31E0A5B5D002D2CB4 /* PBXContainerItemProxy */;
			sourceTree = BUILT_PRODUCTS_DIR;
		};
		DBA532F61E0A5B5D002D2CB4 /* AlamofireImage iOS Tests.xctest */ = {
			isa = PBXReferenceProxy;
			fileType = wrapper.cfbundle;
			path = "AlamofireImage iOS Tests.xctest";
			remoteRef = DBA532F51E0A5B5D002D2CB4 /* PBXContainerItemProxy */;
			sourceTree = BUILT_PRODUCTS_DIR;
		};
		DBA532F81E0A5B5D002D2CB4 /* AlamofireImage.framework */ = {
			isa = PBXReferenceProxy;
			fileType = wrapper.framework;
			path = AlamofireImage.framework;
			remoteRef = DBA532F71E0A5B5D002D2CB4 /* PBXContainerItemProxy */;
			sourceTree = BUILT_PRODUCTS_DIR;
		};
		DBA532FA1E0A5B5D002D2CB4 /* AlamofireImage macOS Tests.xctest */ = {
			isa = PBXReferenceProxy;
			fileType = wrapper.cfbundle;
			path = "AlamofireImage macOS Tests.xctest";
			remoteRef = DBA532F91E0A5B5D002D2CB4 /* PBXContainerItemProxy */;
			sourceTree = BUILT_PRODUCTS_DIR;
		};
		DBA532FC1E0A5B5D002D2CB4 /* AlamofireImage.framework */ = {
			isa = PBXReferenceProxy;
			fileType = wrapper.framework;
			path = AlamofireImage.framework;
			remoteRef = DBA532FB1E0A5B5D002D2CB4 /* PBXContainerItemProxy */;
			sourceTree = BUILT_PRODUCTS_DIR;
		};
		DBA532FE1E0A5B5D002D2CB4 /* AlamofireImage tvOS Tests.xctest */ = {
			isa = PBXReferenceProxy;
			fileType = wrapper.cfbundle;
			path = "AlamofireImage tvOS Tests.xctest";
			remoteRef = DBA532FD1E0A5B5D002D2CB4 /* PBXContainerItemProxy */;
			sourceTree = BUILT_PRODUCTS_DIR;
		};
		DBA533001E0A5B5D002D2CB4 /* AlamofireImage.framework */ = {
			isa = PBXReferenceProxy;
			fileType = wrapper.framework;
			path = AlamofireImage.framework;
			remoteRef = DBA532FF1E0A5B5D002D2CB4 /* PBXContainerItemProxy */;
			sourceTree = BUILT_PRODUCTS_DIR;
		};
/* End PBXReferenceProxy section */

/* Begin PBXResourcesBuildPhase section */
		DB4EE58C1DFF841800BBCE4F /* Resources */ = {
			isa = PBXResourcesBuildPhase;
			buildActionMask = 2147483647;
			files = (
				DB0DC2241E7FC8E00016CDBB /* UMSocialSDK in Resources */,
				DB818AAE1E1CF1BA00E09977 /* sdxdp in Resources */,
				DB0DC2261E7FC8E00016CDBB /* SocialLibraries in Resources */,
				DB4EE59C1DFF841800BBCE4F /* LaunchScreen.storyboard in Resources */,
				DB4EE5991DFF841800BBCE4F /* Assets.xcassets in Resources */,
				DB4EE5971DFF841800BBCE4F /* Main.storyboard in Resources */,
				DB0DC2251E7FC8E00016CDBB /* UMSocialUI in Resources */,
			);
			runOnlyForDeploymentPostprocessing = 0;
		};
		DB4EE5A01DFF841800BBCE4F /* Resources */ = {
			isa = PBXResourcesBuildPhase;
			buildActionMask = 2147483647;
			files = (
			);
			runOnlyForDeploymentPostprocessing = 0;
		};
		DB4EE5AB1DFF841800BBCE4F /* Resources */ = {
			isa = PBXResourcesBuildPhase;
			buildActionMask = 2147483647;
			files = (
			);
			runOnlyForDeploymentPostprocessing = 0;
		};
/* End PBXResourcesBuildPhase section */

/* Begin PBXSourcesBuildPhase section */
		DB4EE58A1DFF841800BBCE4F /* Sources */ = {
			isa = PBXSourcesBuildPhase;
			buildActionMask = 2147483647;
			files = (
				DB0E98A41E10E9A300443696 /* FeedbackListCell.swift in Sources */,
				DB0E989C1E10B04800443696 /* ClientDetailViewController.swift in Sources */,
				DB4EE5C11DFFDBBE00BBCE4F /* LoginViewController.swift in Sources */,
				DB124E431E94C7FA009180DD /* GarmentDataResultModel.swift in Sources */,
				DBDE5C471E24AD2B002454F5 /* HotMatchCell.swift in Sources */,
				DBDE5C431E231CC8002454F5 /* PassCustomerProtocol.swift in Sources */,
				DB818A431E1CA74D00E09977 /* DraftDetailViewController.swift in Sources */,
				DBDE5C451E2324FA002454F5 /* CustomerModel.swift in Sources */,
				DB4EE5941DFF841800BBCE4F /* ViewController.swift in Sources */,
				DB818A391E16586900E09977 /* ShareViewController.swift in Sources */,
				DB818A3B1E1B997B00E09977 /* MyMatchViewController.swift in Sources */,
				DB073E411E9B21C2000E27DD /* Matchlist.swift in Sources */,
				DBEAB1211E7A864C000E99F4 /* LocalDataStorageUtil.swift in Sources */,
				DBAD84A81E274D570007D6D9 /* File.swift in Sources */,
				DBEAB1171E7A216F000E99F4 /* MessageUtil.swift in Sources */,
				DBA3BB621E07711400551D54 /* CustomerListController.swift in Sources */,
				DBEEFDD31E1E33F700B25DA1 /* MyFeedbackDetailViewController.swift in Sources */,
				DB0E98941E0E5F4500443696 /* HelpAndBackViewController.swift in Sources */,
				DB818A4A1E1CE42900E09977 /* MerchandiseDetailViewController.swift in Sources */,
				DB0E98961E0E657F00443696 /* PersonalInfoViewController.swift in Sources */,
				DB0D2EFF1E00D25800F45386 /* MatchViewController.swift in Sources */,
				DB073E3F1E9B1FA9000E27DD /* User.swift in Sources */,
				DB818A3F1E1CA55200E09977 /* HotMatchViewController.swift in Sources */,
				DB005EE01E333967003709FA /* TagLayer.swift in Sources */,
				DBEAB11C1E7A3A03000E99F4 /* ChineseString.m in Sources */,
				DBEAB11F1E7A7EF7000E99F4 /* ConstantsUtil.swift in Sources */,
				DB0E98A21E10E97400443696 /* ConsumerListCell.swift in Sources */,
				DB0D2F011E00D27300F45386 /* ClientViewController.swift in Sources */,
				DB0E98981E0E677F00443696 /* UpdatePwdViewController.swift in Sources */,
				DB818A481E1CD6C600E09977 /* MBProgressHUD.m in Sources */,
				DB0E989A1E10A1CE00443696 /* ClientTableViewCell.swift in Sources */,
				DBDE5C4A1E25C13D002454F5 /* ModelView.swift in Sources */,
				DB818A411E1CA6B200E09977 /* PushDetailControllerView.swift in Sources */,
				DB0E98A61E110F9C00443696 /* FeedbackDetailViewController.swift in Sources */,
				DBEAB11D1E7A3A03000E99F4 /* pinyin.m in Sources */,
				DB0E98921E0CB38000443696 /* SettingViewController.swift in Sources */,
				DBA3BB661E09016200551D54 /* MatchListViewController.swift in Sources */,
				DB073E1B1E9B1EDB000E27DD /* Match.swift in Sources */,
				DB818A371E15EE6B00E09977 /* GarmentModel.swift in Sources */,
				DBA3BB641E07AE9100551D54 /* CustomerTableViewCell.swift in Sources */,
				DBA3BB6A1E09653B00551D54 /* FilterViewController.swift in Sources */,
				DB4EE5921DFF841800BBCE4F /* AppDelegate.swift in Sources */,
				DB0E98A01E10C9C700443696 /* FeedbackListViewController.swift in Sources */,
				DB4EE5C31DFFDCEF00BBCE4F /* LaunchViewController.swift in Sources */,
				DB4EE5C51DFFF21200BBCE4F /* HomeTabBarViewController.swift in Sources */,
				DB0D2EFD1E00D24100F45386 /* MineViewController.swift in Sources */,
				DBA3BB681E0906EB00551D54 /* MatchListCell.swift in Sources */,
				DB0E989E1E10C92000443696 /* ConsumeListViewController.swift in Sources */,
				DB818A3D1E1C815500E09977 /* MyMatchTableViewCell.swift in Sources */,
			);
			runOnlyForDeploymentPostprocessing = 0;
		};
		DB4EE59E1DFF841800BBCE4F /* Sources */ = {
			isa = PBXSourcesBuildPhase;
			buildActionMask = 2147483647;
			files = (
				DB4EE5A71DFF841800BBCE4F /* sdxdgTests.swift in Sources */,
			);
			runOnlyForDeploymentPostprocessing = 0;
		};
		DB4EE5A91DFF841800BBCE4F /* Sources */ = {
			isa = PBXSourcesBuildPhase;
			buildActionMask = 2147483647;
			files = (
				DB4EE5B21DFF841800BBCE4F /* sdxdgUITests.swift in Sources */,
			);
			runOnlyForDeploymentPostprocessing = 0;
		};
/* End PBXSourcesBuildPhase section */

/* Begin PBXTargetDependency section */
		DB0E98901E0BD20800443696 /* PBXTargetDependency */ = {
			isa = PBXTargetDependency;
			name = Charts;
			targetProxy = DB0E988F1E0BD20800443696 /* PBXContainerItemProxy */;
		};
		DB124E1F1E8F3F50009180DD /* PBXTargetDependency */ = {
			isa = PBXTargetDependency;
			name = "AlamofireObjectMapper iOS";
			targetProxy = DB124E1E1E8F3F50009180DD /* PBXContainerItemProxy */;
		};
		DB124E3C1E8F41B3009180DD /* PBXTargetDependency */ = {
			isa = PBXTargetDependency;
			name = "ObjectMapper-iOS";
			targetProxy = DB124E3B1E8F41B3009180DD /* PBXContainerItemProxy */;
		};
		DB4EE5A41DFF841800BBCE4F /* PBXTargetDependency */ = {
			isa = PBXTargetDependency;
			target = DB4EE58D1DFF841800BBCE4F /* sdxdg */;
			targetProxy = DB4EE5A31DFF841800BBCE4F /* PBXContainerItemProxy */;
		};
		DB4EE5AF1DFF841800BBCE4F /* PBXTargetDependency */ = {
			isa = PBXTargetDependency;
			target = DB4EE58D1DFF841800BBCE4F /* sdxdg */;
			targetProxy = DB4EE5AE1DFF841800BBCE4F /* PBXContainerItemProxy */;
		};
		DBA3BC651E0A5A0800551D54 /* PBXTargetDependency */ = {
			isa = PBXTargetDependency;
			name = "Alamofire iOS";
			targetProxy = DBA3BC641E0A5A0800551D54 /* PBXContainerItemProxy */;
		};
		DBA3BC691E0A5A0800551D54 /* PBXTargetDependency */ = {
			isa = PBXTargetDependency;
			name = "SwiftyJSON iOS";
			targetProxy = DBA3BC681E0A5A0800551D54 /* PBXContainerItemProxy */;
		};
		DBA533041E0A5CA8002D2CB4 /* PBXTargetDependency */ = {
			isa = PBXTargetDependency;
			name = "AlamofireImage iOS";
			targetProxy = DBA533031E0A5CA8002D2CB4 /* PBXContainerItemProxy */;
		};
/* End PBXTargetDependency section */

/* Begin PBXVariantGroup section */
		DB4EE5951DFF841800BBCE4F /* Main.storyboard */ = {
			isa = PBXVariantGroup;
			children = (
				DB4EE5961DFF841800BBCE4F /* Base */,
			);
			name = Main.storyboard;
			sourceTree = "<group>";
		};
		DB4EE59A1DFF841800BBCE4F /* LaunchScreen.storyboard */ = {
			isa = PBXVariantGroup;
			children = (
				DB4EE59B1DFF841800BBCE4F /* Base */,
			);
			name = LaunchScreen.storyboard;
			sourceTree = "<group>";
		};
/* End PBXVariantGroup section */

/* Begin XCBuildConfiguration section */
		DB4EE5B41DFF841800BBCE4F /* Debug */ = {
			isa = XCBuildConfiguration;
			buildSettings = {
				ALWAYS_SEARCH_USER_PATHS = NO;
				CLANG_ANALYZER_NONNULL = YES;
				CLANG_CXX_LANGUAGE_STANDARD = "gnu++0x";
				CLANG_CXX_LIBRARY = "libc++";
				CLANG_ENABLE_MODULES = YES;
				CLANG_ENABLE_OBJC_ARC = YES;
				CLANG_WARN_BOOL_CONVERSION = YES;
				CLANG_WARN_CONSTANT_CONVERSION = YES;
				CLANG_WARN_DIRECT_OBJC_ISA_USAGE = YES_ERROR;
				CLANG_WARN_DOCUMENTATION_COMMENTS = YES;
				CLANG_WARN_EMPTY_BODY = YES;
				CLANG_WARN_ENUM_CONVERSION = YES;
				CLANG_WARN_INFINITE_RECURSION = YES;
				CLANG_WARN_INT_CONVERSION = YES;
				CLANG_WARN_OBJC_ROOT_CLASS = YES_ERROR;
				CLANG_WARN_SUSPICIOUS_MOVES = YES;
				CLANG_WARN_UNREACHABLE_CODE = YES;
				CLANG_WARN__DUPLICATE_METHOD_MATCH = YES;
				"CODE_SIGN_IDENTITY[sdk=iphoneos*]" = "iPhone Developer";
				COPY_PHASE_STRIP = NO;
				DEBUG_INFORMATION_FORMAT = dwarf;
				ENABLE_STRICT_OBJC_MSGSEND = YES;
				ENABLE_TESTABILITY = YES;
				GCC_C_LANGUAGE_STANDARD = gnu99;
				GCC_DYNAMIC_NO_PIC = NO;
				GCC_NO_COMMON_BLOCKS = YES;
				GCC_OPTIMIZATION_LEVEL = 0;
				GCC_PREPROCESSOR_DEFINITIONS = (
					"DEBUG=1",
					"$(inherited)",
				);
				GCC_WARN_64_TO_32_BIT_CONVERSION = YES;
				GCC_WARN_ABOUT_RETURN_TYPE = YES_ERROR;
				GCC_WARN_UNDECLARED_SELECTOR = YES;
				GCC_WARN_UNINITIALIZED_AUTOS = YES_AGGRESSIVE;
				GCC_WARN_UNUSED_FUNCTION = YES;
				GCC_WARN_UNUSED_VARIABLE = YES;
				IPHONEOS_DEPLOYMENT_TARGET = 10.1;
				MTL_ENABLE_DEBUG_INFO = YES;
				ONLY_ACTIVE_ARCH = YES;
				SDKROOT = iphoneos;
				SWIFT_ACTIVE_COMPILATION_CONDITIONS = DEBUG;
				SWIFT_OPTIMIZATION_LEVEL = "-Onone";
			};
			name = Debug;
		};
		DB4EE5B51DFF841800BBCE4F /* Release */ = {
			isa = XCBuildConfiguration;
			buildSettings = {
				ALWAYS_SEARCH_USER_PATHS = NO;
				CLANG_ANALYZER_NONNULL = YES;
				CLANG_CXX_LANGUAGE_STANDARD = "gnu++0x";
				CLANG_CXX_LIBRARY = "libc++";
				CLANG_ENABLE_MODULES = YES;
				CLANG_ENABLE_OBJC_ARC = YES;
				CLANG_WARN_BOOL_CONVERSION = YES;
				CLANG_WARN_CONSTANT_CONVERSION = YES;
				CLANG_WARN_DIRECT_OBJC_ISA_USAGE = YES_ERROR;
				CLANG_WARN_DOCUMENTATION_COMMENTS = YES;
				CLANG_WARN_EMPTY_BODY = YES;
				CLANG_WARN_ENUM_CONVERSION = YES;
				CLANG_WARN_INFINITE_RECURSION = YES;
				CLANG_WARN_INT_CONVERSION = YES;
				CLANG_WARN_OBJC_ROOT_CLASS = YES_ERROR;
				CLANG_WARN_SUSPICIOUS_MOVES = YES;
				CLANG_WARN_UNREACHABLE_CODE = YES;
				CLANG_WARN__DUPLICATE_METHOD_MATCH = YES;
				"CODE_SIGN_IDENTITY[sdk=iphoneos*]" = "iPhone Developer";
				COPY_PHASE_STRIP = NO;
				DEBUG_INFORMATION_FORMAT = "dwarf-with-dsym";
				ENABLE_NS_ASSERTIONS = NO;
				ENABLE_STRICT_OBJC_MSGSEND = YES;
				GCC_C_LANGUAGE_STANDARD = gnu99;
				GCC_NO_COMMON_BLOCKS = YES;
				GCC_WARN_64_TO_32_BIT_CONVERSION = YES;
				GCC_WARN_ABOUT_RETURN_TYPE = YES_ERROR;
				GCC_WARN_UNDECLARED_SELECTOR = YES;
				GCC_WARN_UNINITIALIZED_AUTOS = YES_AGGRESSIVE;
				GCC_WARN_UNUSED_FUNCTION = YES;
				GCC_WARN_UNUSED_VARIABLE = YES;
				IPHONEOS_DEPLOYMENT_TARGET = 10.1;
				MTL_ENABLE_DEBUG_INFO = NO;
				SDKROOT = iphoneos;
				SWIFT_OPTIMIZATION_LEVEL = "-Owholemodule";
				VALIDATE_PRODUCT = YES;
			};
			name = Release;
		};
		DB4EE5B71DFF841800BBCE4F /* Debug */ = {
			isa = XCBuildConfiguration;
			buildSettings = {
				ALWAYS_EMBED_SWIFT_STANDARD_LIBRARIES = YES;
				ASSETCATALOG_COMPILER_APPICON_NAME = AppIcon;
				CLANG_ENABLE_MODULES = YES;
				DEVELOPMENT_TEAM = FNB4FR5EG6;
				FRAMEWORK_SEARCH_PATHS = (
					"$(inherited)",
					"$(PROJECT_DIR)/sdxdg/UMSocialSDK",
					"$(PROJECT_DIR)/sdxdg/UMSocialUI",
				);
				INFOPLIST_FILE = sdxdg/Info.plist;
				IPHONEOS_DEPLOYMENT_TARGET = 10.1;
				LD_RUNPATH_SEARCH_PATHS = "$(inherited) @executable_path/Frameworks";
				LIBRARY_SEARCH_PATHS = (
					"$(inherited)",
					"$(PROJECT_DIR)/sdxdg/SocialLibraries/WeChat",
				);
				OTHER_LDFLAGS = "-ObjC";
				PRODUCT_BUNDLE_IDENTIFIER = com.zy.sdxdg;
				PRODUCT_NAME = "$(TARGET_NAME)";
				SWIFT_OBJC_BRIDGING_HEADER = "sdxdg/sdxdg-Bridging-Header.h";
				SWIFT_OPTIMIZATION_LEVEL = "-Onone";
				SWIFT_VERSION = 3.0;
			};
			name = Debug;
		};
		DB4EE5B81DFF841800BBCE4F /* Release */ = {
			isa = XCBuildConfiguration;
			buildSettings = {
				ALWAYS_EMBED_SWIFT_STANDARD_LIBRARIES = YES;
				ASSETCATALOG_COMPILER_APPICON_NAME = AppIcon;
				CLANG_ENABLE_MODULES = YES;
				DEVELOPMENT_TEAM = FNB4FR5EG6;
				FRAMEWORK_SEARCH_PATHS = (
					"$(inherited)",
					"$(PROJECT_DIR)/sdxdg/UMSocialSDK",
					"$(PROJECT_DIR)/sdxdg/UMSocialUI",
				);
				INFOPLIST_FILE = sdxdg/Info.plist;
				IPHONEOS_DEPLOYMENT_TARGET = 10.1;
				LD_RUNPATH_SEARCH_PATHS = "$(inherited) @executable_path/Frameworks";
				LIBRARY_SEARCH_PATHS = (
					"$(inherited)",
					"$(PROJECT_DIR)/sdxdg/SocialLibraries/WeChat",
				);
				OTHER_LDFLAGS = "-ObjC";
				PRODUCT_BUNDLE_IDENTIFIER = com.zy.sdxdg;
				PRODUCT_NAME = "$(TARGET_NAME)";
				SWIFT_OBJC_BRIDGING_HEADER = "sdxdg/sdxdg-Bridging-Header.h";
				SWIFT_VERSION = 3.0;
			};
			name = Release;
		};
		DB4EE5BA1DFF841800BBCE4F /* Debug */ = {
			isa = XCBuildConfiguration;
			buildSettings = {
				ALWAYS_EMBED_SWIFT_STANDARD_LIBRARIES = YES;
				BUNDLE_LOADER = "$(TEST_HOST)";
				DEVELOPMENT_TEAM = FNB4FR5EG6;
				INFOPLIST_FILE = sdxdgTests/Info.plist;
				LD_RUNPATH_SEARCH_PATHS = "$(inherited) @executable_path/Frameworks @loader_path/Frameworks";
				PRODUCT_BUNDLE_IDENTIFIER = com.zy.sdxdgTests;
				PRODUCT_NAME = "$(TARGET_NAME)";
				SWIFT_VERSION = 3.0;
				TEST_HOST = "$(BUILT_PRODUCTS_DIR)/sdxdg.app/sdxdg";
			};
			name = Debug;
		};
		DB4EE5BB1DFF841800BBCE4F /* Release */ = {
			isa = XCBuildConfiguration;
			buildSettings = {
				ALWAYS_EMBED_SWIFT_STANDARD_LIBRARIES = YES;
				BUNDLE_LOADER = "$(TEST_HOST)";
				DEVELOPMENT_TEAM = FNB4FR5EG6;
				INFOPLIST_FILE = sdxdgTests/Info.plist;
				LD_RUNPATH_SEARCH_PATHS = "$(inherited) @executable_path/Frameworks @loader_path/Frameworks";
				PRODUCT_BUNDLE_IDENTIFIER = com.zy.sdxdgTests;
				PRODUCT_NAME = "$(TARGET_NAME)";
				SWIFT_VERSION = 3.0;
				TEST_HOST = "$(BUILT_PRODUCTS_DIR)/sdxdg.app/sdxdg";
			};
			name = Release;
		};
		DB4EE5BD1DFF841800BBCE4F /* Debug */ = {
			isa = XCBuildConfiguration;
			buildSettings = {
				ALWAYS_EMBED_SWIFT_STANDARD_LIBRARIES = YES;
				DEVELOPMENT_TEAM = FNB4FR5EG6;
				INFOPLIST_FILE = sdxdgUITests/Info.plist;
				LD_RUNPATH_SEARCH_PATHS = "$(inherited) @executable_path/Frameworks @loader_path/Frameworks";
				PRODUCT_BUNDLE_IDENTIFIER = com.zy.sdxdgUITests;
				PRODUCT_NAME = "$(TARGET_NAME)";
				SWIFT_VERSION = 3.0;
				TEST_TARGET_NAME = sdxdg;
			};
			name = Debug;
		};
		DB4EE5BE1DFF841800BBCE4F /* Release */ = {
			isa = XCBuildConfiguration;
			buildSettings = {
				ALWAYS_EMBED_SWIFT_STANDARD_LIBRARIES = YES;
				DEVELOPMENT_TEAM = FNB4FR5EG6;
				INFOPLIST_FILE = sdxdgUITests/Info.plist;
				LD_RUNPATH_SEARCH_PATHS = "$(inherited) @executable_path/Frameworks @loader_path/Frameworks";
				PRODUCT_BUNDLE_IDENTIFIER = com.zy.sdxdgUITests;
				PRODUCT_NAME = "$(TARGET_NAME)";
				SWIFT_VERSION = 3.0;
				TEST_TARGET_NAME = sdxdg;
			};
			name = Release;
		};
/* End XCBuildConfiguration section */

/* Begin XCConfigurationList section */
		DB4EE5891DFF841800BBCE4F /* Build configuration list for PBXProject "sdxdg" */ = {
			isa = XCConfigurationList;
			buildConfigurations = (
				DB4EE5B41DFF841800BBCE4F /* Debug */,
				DB4EE5B51DFF841800BBCE4F /* Release */,
			);
			defaultConfigurationIsVisible = 0;
			defaultConfigurationName = Release;
		};
		DB4EE5B61DFF841800BBCE4F /* Build configuration list for PBXNativeTarget "sdxdg" */ = {
			isa = XCConfigurationList;
			buildConfigurations = (
				DB4EE5B71DFF841800BBCE4F /* Debug */,
				DB4EE5B81DFF841800BBCE4F /* Release */,
			);
			defaultConfigurationIsVisible = 0;
			defaultConfigurationName = Release;
		};
		DB4EE5B91DFF841800BBCE4F /* Build configuration list for PBXNativeTarget "sdxdgTests" */ = {
			isa = XCConfigurationList;
			buildConfigurations = (
				DB4EE5BA1DFF841800BBCE4F /* Debug */,
				DB4EE5BB1DFF841800BBCE4F /* Release */,
			);
			defaultConfigurationIsVisible = 0;
			defaultConfigurationName = Release;
		};
		DB4EE5BC1DFF841800BBCE4F /* Build configuration list for PBXNativeTarget "sdxdgUITests" */ = {
			isa = XCConfigurationList;
			buildConfigurations = (
				DB4EE5BD1DFF841800BBCE4F /* Debug */,
				DB4EE5BE1DFF841800BBCE4F /* Release */,
			);
			defaultConfigurationIsVisible = 0;
			defaultConfigurationName = Release;
		};
/* End XCConfigurationList section */
	};
	rootObject = DB4EE5861DFF841800BBCE4F /* Project object */;
}
